// !$*UTF8*$!
{
	archiveVersion = 1;
	classes = {
	};
	objectVersion = 51;
	objects = {

/* Begin PBXBuildFile section */
		66B846089D380846B8E35F69 /* Pods_Bubbly_BubblyUITests.framework in Frameworks */ = {isa = PBXBuildFile; fileRef = 60D931F003FEC0C6FA81BF4B /* Pods_Bubbly_BubblyUITests.framework */; };
		8C9EBFA324BCC1330031380E /* AppDelegate.m in Sources */ = {isa = PBXBuildFile; fileRef = 8C9EBFA224BCC1330031380E /* AppDelegate.m */; };
		8C9EBFA624BCC1330031380E /* SceneDelegate.m in Sources */ = {isa = PBXBuildFile; fileRef = 8C9EBFA524BCC1330031380E /* SceneDelegate.m */; };
		8C9EBFAC24BCC1330031380E /* Main.storyboard in Resources */ = {isa = PBXBuildFile; fileRef = 8C9EBFAA24BCC1330031380E /* Main.storyboard */; };
		8C9EBFAE24BCC1340031380E /* Assets.xcassets in Resources */ = {isa = PBXBuildFile; fileRef = 8C9EBFAD24BCC1340031380E /* Assets.xcassets */; };
		8C9EBFB124BCC1340031380E /* LaunchScreen.storyboard in Resources */ = {isa = PBXBuildFile; fileRef = 8C9EBFAF24BCC1340031380E /* LaunchScreen.storyboard */; };
		8C9EBFB424BCC1340031380E /* main.m in Sources */ = {isa = PBXBuildFile; fileRef = 8C9EBFB324BCC1340031380E /* main.m */; };
		8C9EBFBE24BCC1340031380E /* BubblyTests.m in Sources */ = {isa = PBXBuildFile; fileRef = 8C9EBFBD24BCC1340031380E /* BubblyTests.m */; };
		8C9EBFC924BCC1340031380E /* BubblyUITests.m in Sources */ = {isa = PBXBuildFile; fileRef = 8C9EBFC824BCC1340031380E /* BubblyUITests.m */; };
		8C9EBFDC24BCD27E0031380E /* Utilities.m in Sources */ = {isa = PBXBuildFile; fileRef = 8C9EBFDB24BCD27E0031380E /* Utilities.m */; };
		8C9EBFDF24BCD2AC0031380E /* User.m in Sources */ = {isa = PBXBuildFile; fileRef = 8C9EBFDE24BCD2AC0031380E /* User.m */; };
		8C9EBFE224BCD2B40031380E /* Recipe.m in Sources */ = {isa = PBXBuildFile; fileRef = 8C9EBFE124BCD2B40031380E /* Recipe.m */; };
		8C9EBFE524BCD2BC0031380E /* IntakeLog.m in Sources */ = {isa = PBXBuildFile; fileRef = 8C9EBFE424BCD2BC0031380E /* IntakeLog.m */; };
		8C9EBFEB24BCD2F60031380E /* Profile.m in Sources */ = {isa = PBXBuildFile; fileRef = 8C9EBFEA24BCD2F60031380E /* Profile.m */; };
		8C9EBFEE24BCD2FE0031380E /* Health.m in Sources */ = {isa = PBXBuildFile; fileRef = 8C9EBFED24BCD2FE0031380E /* Health.m */; };
		8C9EBFF124BCD30A0031380E /* Settings.m in Sources */ = {isa = PBXBuildFile; fileRef = 8C9EBFF024BCD30A0031380E /* Settings.m */; };
		8C9EBFF724BCDF1F0031380E /* WelcomeViewController.m in Sources */ = {isa = PBXBuildFile; fileRef = 8C9EBFF624BCDF1F0031380E /* WelcomeViewController.m */; };
		8C9EBFFA24BCDF270031380E /* LoginViewController.m in Sources */ = {isa = PBXBuildFile; fileRef = 8C9EBFF924BCDF270031380E /* LoginViewController.m */; };
		8C9EBFFD24BCDF2E0031380E /* SignUpViewController.m in Sources */ = {isa = PBXBuildFile; fileRef = 8C9EBFFC24BCDF2E0031380E /* SignUpViewController.m */; };
		8C9EC00024BCDF370031380E /* HomeViewController.m in Sources */ = {isa = PBXBuildFile; fileRef = 8C9EBFFF24BCDF370031380E /* HomeViewController.m */; };
		8C9EC00324BCDF3E0031380E /* BrowseViewController.m in Sources */ = {isa = PBXBuildFile; fileRef = 8C9EC00224BCDF3E0031380E /* BrowseViewController.m */; };
		8C9EC00624BCDF440031380E /* DetailsViewController.m in Sources */ = {isa = PBXBuildFile; fileRef = 8C9EC00524BCDF440031380E /* DetailsViewController.m */; };
		8C9EC00924BCDF4E0031380E /* ProfileViewController.m in Sources */ = {isa = PBXBuildFile; fileRef = 8C9EC00824BCDF4E0031380E /* ProfileViewController.m */; };
		8C9EC00C24BCDF5B0031380E /* SettingsViewController.m in Sources */ = {isa = PBXBuildFile; fileRef = 8C9EC00B24BCDF5B0031380E /* SettingsViewController.m */; };
		8C9EC00F24BCF7AB0031380E /* CameraView.m in Sources */ = {isa = PBXBuildFile; fileRef = 8C9EC00E24BCF7AB0031380E /* CameraView.m */; };
		D5F86BBE48D742F4E7D9FEF4 /* Pods_BubblyTests.framework in Frameworks */ = {isa = PBXBuildFile; fileRef = 335D8992D3546B1CB7049452 /* Pods_BubblyTests.framework */; };
		D624D6578B2788BD780DD002 /* Pods_Bubbly.framework in Frameworks */ = {isa = PBXBuildFile; fileRef = 7E1106D8528734F0FB06689E /* Pods_Bubbly.framework */; };
/* End PBXBuildFile section */

/* Begin PBXContainerItemProxy section */
		8C9EBFBA24BCC1340031380E /* PBXContainerItemProxy */ = {
			isa = PBXContainerItemProxy;
			containerPortal = 8C9EBF9624BCC1330031380E /* Project object */;
			proxyType = 1;
			remoteGlobalIDString = 8C9EBF9D24BCC1330031380E;
			remoteInfo = Bubbly;
		};
		8C9EBFC524BCC1340031380E /* PBXContainerItemProxy */ = {
			isa = PBXContainerItemProxy;
			containerPortal = 8C9EBF9624BCC1330031380E /* Project object */;
			proxyType = 1;
			remoteGlobalIDString = 8C9EBF9D24BCC1330031380E;
			remoteInfo = Bubbly;
		};
/* End PBXContainerItemProxy section */

/* Begin PBXFileReference section */
		0BED09934E35DD8A11C0E2A0 /* Pods-Bubbly.release.xcconfig */ = {isa = PBXFileReference; includeInIndex = 1; lastKnownFileType = text.xcconfig; name = "Pods-Bubbly.release.xcconfig"; path = "Target Support Files/Pods-Bubbly/Pods-Bubbly.release.xcconfig"; sourceTree = "<group>"; };
		157198BD8D56DBCE942A075F /* Pods-Bubbly.debug.xcconfig */ = {isa = PBXFileReference; includeInIndex = 1; lastKnownFileType = text.xcconfig; name = "Pods-Bubbly.debug.xcconfig"; path = "Target Support Files/Pods-Bubbly/Pods-Bubbly.debug.xcconfig"; sourceTree = "<group>"; };
		29950D71DE36A76870AA69F9 /* Pods-BubblyTests.release.xcconfig */ = {isa = PBXFileReference; includeInIndex = 1; lastKnownFileType = text.xcconfig; name = "Pods-BubblyTests.release.xcconfig"; path = "Target Support Files/Pods-BubblyTests/Pods-BubblyTests.release.xcconfig"; sourceTree = "<group>"; };
		335D8992D3546B1CB7049452 /* Pods_BubblyTests.framework */ = {isa = PBXFileReference; explicitFileType = wrapper.framework; includeInIndex = 0; path = Pods_BubblyTests.framework; sourceTree = BUILT_PRODUCTS_DIR; };
		60D931F003FEC0C6FA81BF4B /* Pods_Bubbly_BubblyUITests.framework */ = {isa = PBXFileReference; explicitFileType = wrapper.framework; includeInIndex = 0; path = Pods_Bubbly_BubblyUITests.framework; sourceTree = BUILT_PRODUCTS_DIR; };
		7799B998E7E42E555F16D53C /* Pods-Bubbly-BubblyUITests.debug.xcconfig */ = {isa = PBXFileReference; includeInIndex = 1; lastKnownFileType = text.xcconfig; name = "Pods-Bubbly-BubblyUITests.debug.xcconfig"; path = "Target Support Files/Pods-Bubbly-BubblyUITests/Pods-Bubbly-BubblyUITests.debug.xcconfig"; sourceTree = "<group>"; };
		7E1106D8528734F0FB06689E /* Pods_Bubbly.framework */ = {isa = PBXFileReference; explicitFileType = wrapper.framework; includeInIndex = 0; path = Pods_Bubbly.framework; sourceTree = BUILT_PRODUCTS_DIR; };
		8C9EBF9E24BCC1330031380E /* Bubbly.app */ = {isa = PBXFileReference; explicitFileType = wrapper.application; includeInIndex = 0; path = Bubbly.app; sourceTree = BUILT_PRODUCTS_DIR; };
		8C9EBFA124BCC1330031380E /* AppDelegate.h */ = {isa = PBXFileReference; lastKnownFileType = sourcecode.c.h; path = AppDelegate.h; sourceTree = "<group>"; };
		8C9EBFA224BCC1330031380E /* AppDelegate.m */ = {isa = PBXFileReference; lastKnownFileType = sourcecode.c.objc; path = AppDelegate.m; sourceTree = "<group>"; };
		8C9EBFA424BCC1330031380E /* SceneDelegate.h */ = {isa = PBXFileReference; lastKnownFileType = sourcecode.c.h; path = SceneDelegate.h; sourceTree = "<group>"; };
		8C9EBFA524BCC1330031380E /* SceneDelegate.m */ = {isa = PBXFileReference; lastKnownFileType = sourcecode.c.objc; path = SceneDelegate.m; sourceTree = "<group>"; };
		8C9EBFAB24BCC1330031380E /* Base */ = {isa = PBXFileReference; lastKnownFileType = file.storyboard; name = Base; path = Base.lproj/Main.storyboard; sourceTree = "<group>"; };
		8C9EBFAD24BCC1340031380E /* Assets.xcassets */ = {isa = PBXFileReference; lastKnownFileType = folder.assetcatalog; path = Assets.xcassets; sourceTree = "<group>"; };
		8C9EBFB024BCC1340031380E /* Base */ = {isa = PBXFileReference; lastKnownFileType = file.storyboard; name = Base; path = Base.lproj/LaunchScreen.storyboard; sourceTree = "<group>"; };
		8C9EBFB224BCC1340031380E /* Info.plist */ = {isa = PBXFileReference; lastKnownFileType = text.plist.xml; path = Info.plist; sourceTree = "<group>"; };
		8C9EBFB324BCC1340031380E /* main.m */ = {isa = PBXFileReference; lastKnownFileType = sourcecode.c.objc; path = main.m; sourceTree = "<group>"; };
		8C9EBFB924BCC1340031380E /* BubblyTests.xctest */ = {isa = PBXFileReference; explicitFileType = wrapper.cfbundle; includeInIndex = 0; path = BubblyTests.xctest; sourceTree = BUILT_PRODUCTS_DIR; };
		8C9EBFBD24BCC1340031380E /* BubblyTests.m */ = {isa = PBXFileReference; lastKnownFileType = sourcecode.c.objc; path = BubblyTests.m; sourceTree = "<group>"; };
		8C9EBFBF24BCC1340031380E /* Info.plist */ = {isa = PBXFileReference; lastKnownFileType = text.plist.xml; path = Info.plist; sourceTree = "<group>"; };
		8C9EBFC424BCC1340031380E /* BubblyUITests.xctest */ = {isa = PBXFileReference; explicitFileType = wrapper.cfbundle; includeInIndex = 0; path = BubblyUITests.xctest; sourceTree = BUILT_PRODUCTS_DIR; };
		8C9EBFC824BCC1340031380E /* BubblyUITests.m */ = {isa = PBXFileReference; lastKnownFileType = sourcecode.c.objc; path = BubblyUITests.m; sourceTree = "<group>"; };
		8C9EBFCA24BCC1340031380E /* Info.plist */ = {isa = PBXFileReference; lastKnownFileType = text.plist.xml; path = Info.plist; sourceTree = "<group>"; };
		8C9EBFDA24BCD27E0031380E /* Utilities.h */ = {isa = PBXFileReference; lastKnownFileType = sourcecode.c.h; path = Utilities.h; sourceTree = "<group>"; };
		8C9EBFDB24BCD27E0031380E /* Utilities.m */ = {isa = PBXFileReference; lastKnownFileType = sourcecode.c.objc; path = Utilities.m; sourceTree = "<group>"; };
		8C9EBFDD24BCD2AC0031380E /* User.h */ = {isa = PBXFileReference; lastKnownFileType = sourcecode.c.h; path = User.h; sourceTree = "<group>"; };
		8C9EBFDE24BCD2AC0031380E /* User.m */ = {isa = PBXFileReference; lastKnownFileType = sourcecode.c.objc; path = User.m; sourceTree = "<group>"; };
		8C9EBFE024BCD2B40031380E /* Recipe.h */ = {isa = PBXFileReference; lastKnownFileType = sourcecode.c.h; path = Recipe.h; sourceTree = "<group>"; };
		8C9EBFE124BCD2B40031380E /* Recipe.m */ = {isa = PBXFileReference; lastKnownFileType = sourcecode.c.objc; path = Recipe.m; sourceTree = "<group>"; };
		8C9EBFE324BCD2BC0031380E /* IntakeLog.h */ = {isa = PBXFileReference; lastKnownFileType = sourcecode.c.h; path = IntakeLog.h; sourceTree = "<group>"; };
		8C9EBFE424BCD2BC0031380E /* IntakeLog.m */ = {isa = PBXFileReference; lastKnownFileType = sourcecode.c.objc; path = IntakeLog.m; sourceTree = "<group>"; };
		8C9EBFE924BCD2F60031380E /* Profile.h */ = {isa = PBXFileReference; lastKnownFileType = sourcecode.c.h; path = Profile.h; sourceTree = "<group>"; };
		8C9EBFEA24BCD2F60031380E /* Profile.m */ = {isa = PBXFileReference; lastKnownFileType = sourcecode.c.objc; path = Profile.m; sourceTree = "<group>"; };
		8C9EBFEC24BCD2FE0031380E /* Health.h */ = {isa = PBXFileReference; lastKnownFileType = sourcecode.c.h; path = Health.h; sourceTree = "<group>"; };
		8C9EBFED24BCD2FE0031380E /* Health.m */ = {isa = PBXFileReference; lastKnownFileType = sourcecode.c.objc; path = Health.m; sourceTree = "<group>"; };
		8C9EBFEF24BCD30A0031380E /* Settings.h */ = {isa = PBXFileReference; lastKnownFileType = sourcecode.c.h; path = Settings.h; sourceTree = "<group>"; };
		8C9EBFF024BCD30A0031380E /* Settings.m */ = {isa = PBXFileReference; lastKnownFileType = sourcecode.c.objc; path = Settings.m; sourceTree = "<group>"; };
		8C9EBFF524BCDF1F0031380E /* WelcomeViewController.h */ = {isa = PBXFileReference; lastKnownFileType = sourcecode.c.h; path = WelcomeViewController.h; sourceTree = "<group>"; };
		8C9EBFF624BCDF1F0031380E /* WelcomeViewController.m */ = {isa = PBXFileReference; lastKnownFileType = sourcecode.c.objc; path = WelcomeViewController.m; sourceTree = "<group>"; };
		8C9EBFF824BCDF270031380E /* LoginViewController.h */ = {isa = PBXFileReference; lastKnownFileType = sourcecode.c.h; path = LoginViewController.h; sourceTree = "<group>"; };
		8C9EBFF924BCDF270031380E /* LoginViewController.m */ = {isa = PBXFileReference; lastKnownFileType = sourcecode.c.objc; path = LoginViewController.m; sourceTree = "<group>"; };
		8C9EBFFB24BCDF2E0031380E /* SignUpViewController.h */ = {isa = PBXFileReference; lastKnownFileType = sourcecode.c.h; path = SignUpViewController.h; sourceTree = "<group>"; };
		8C9EBFFC24BCDF2E0031380E /* SignUpViewController.m */ = {isa = PBXFileReference; lastKnownFileType = sourcecode.c.objc; path = SignUpViewController.m; sourceTree = "<group>"; };
		8C9EBFFE24BCDF370031380E /* HomeViewController.h */ = {isa = PBXFileReference; lastKnownFileType = sourcecode.c.h; path = HomeViewController.h; sourceTree = "<group>"; };
		8C9EBFFF24BCDF370031380E /* HomeViewController.m */ = {isa = PBXFileReference; lastKnownFileType = sourcecode.c.objc; path = HomeViewController.m; sourceTree = "<group>"; };
		8C9EC00124BCDF3E0031380E /* BrowseViewController.h */ = {isa = PBXFileReference; lastKnownFileType = sourcecode.c.h; path = BrowseViewController.h; sourceTree = "<group>"; };
		8C9EC00224BCDF3E0031380E /* BrowseViewController.m */ = {isa = PBXFileReference; lastKnownFileType = sourcecode.c.objc; path = BrowseViewController.m; sourceTree = "<group>"; };
		8C9EC00424BCDF440031380E /* DetailsViewController.h */ = {isa = PBXFileReference; lastKnownFileType = sourcecode.c.h; path = DetailsViewController.h; sourceTree = "<group>"; };
		8C9EC00524BCDF440031380E /* DetailsViewController.m */ = {isa = PBXFileReference; lastKnownFileType = sourcecode.c.objc; path = DetailsViewController.m; sourceTree = "<group>"; };
		8C9EC00724BCDF4E0031380E /* ProfileViewController.h */ = {isa = PBXFileReference; lastKnownFileType = sourcecode.c.h; path = ProfileViewController.h; sourceTree = "<group>"; };
		8C9EC00824BCDF4E0031380E /* ProfileViewController.m */ = {isa = PBXFileReference; lastKnownFileType = sourcecode.c.objc; path = ProfileViewController.m; sourceTree = "<group>"; };
		8C9EC00A24BCDF5B0031380E /* SettingsViewController.h */ = {isa = PBXFileReference; lastKnownFileType = sourcecode.c.h; path = SettingsViewController.h; sourceTree = "<group>"; };
		8C9EC00B24BCDF5B0031380E /* SettingsViewController.m */ = {isa = PBXFileReference; lastKnownFileType = sourcecode.c.objc; path = SettingsViewController.m; sourceTree = "<group>"; };
		8C9EC00D24BCF7AB0031380E /* CameraView.h */ = {isa = PBXFileReference; fileEncoding = 4; lastKnownFileType = sourcecode.c.h; name = CameraView.h; path = ../../../Instagram/Instagram/Views/CameraView.h; sourceTree = "<group>"; };
		8C9EC00E24BCF7AB0031380E /* CameraView.m */ = {isa = PBXFileReference; fileEncoding = 4; lastKnownFileType = sourcecode.c.objc; name = CameraView.m; path = ../../../Instagram/Instagram/Views/CameraView.m; sourceTree = "<group>"; };
		8C9EC01024BCF7B20031380E /* CameraView.h */ = {isa = PBXFileReference; lastKnownFileType = sourcecode.c.h; path = CameraView.h; sourceTree = "<group>"; };
		8C9EC01124BCF7B20031380E /* CameraView.m */ = {isa = PBXFileReference; lastKnownFileType = sourcecode.c.objc; path = CameraView.m; sourceTree = "<group>"; };
		9CC48BDB369BFC801730ABB6 /* Pods-Bubbly-BubblyUITests.release.xcconfig */ = {isa = PBXFileReference; includeInIndex = 1; lastKnownFileType = text.xcconfig; name = "Pods-Bubbly-BubblyUITests.release.xcconfig"; path = "Target Support Files/Pods-Bubbly-BubblyUITests/Pods-Bubbly-BubblyUITests.release.xcconfig"; sourceTree = "<group>"; };
		F1FDC2BC347BEE9CA2E2E202 /* Pods-BubblyTests.debug.xcconfig */ = {isa = PBXFileReference; includeInIndex = 1; lastKnownFileType = text.xcconfig; name = "Pods-BubblyTests.debug.xcconfig"; path = "Target Support Files/Pods-BubblyTests/Pods-BubblyTests.debug.xcconfig"; sourceTree = "<group>"; };
/* End PBXFileReference section */

/* Begin PBXFrameworksBuildPhase section */
		8C9EBF9B24BCC1330031380E /* Frameworks */ = {
			isa = PBXFrameworksBuildPhase;
			buildActionMask = 2147483647;
			files = (
				D624D6578B2788BD780DD002 /* Pods_Bubbly.framework in Frameworks */,
			);
			runOnlyForDeploymentPostprocessing = 0;
		};
		8C9EBFB624BCC1340031380E /* Frameworks */ = {
			isa = PBXFrameworksBuildPhase;
			buildActionMask = 2147483647;
			files = (
				D5F86BBE48D742F4E7D9FEF4 /* Pods_BubblyTests.framework in Frameworks */,
			);
			runOnlyForDeploymentPostprocessing = 0;
		};
		8C9EBFC124BCC1340031380E /* Frameworks */ = {
			isa = PBXFrameworksBuildPhase;
			buildActionMask = 2147483647;
			files = (
				66B846089D380846B8E35F69 /* Pods_Bubbly_BubblyUITests.framework in Frameworks */,
			);
			runOnlyForDeploymentPostprocessing = 0;
		};
/* End PBXFrameworksBuildPhase section */

/* Begin PBXGroup section */
		032D23C0C538C6A4451FBE76 /* Frameworks */ = {
			isa = PBXGroup;
			children = (
				7E1106D8528734F0FB06689E /* Pods_Bubbly.framework */,
				60D931F003FEC0C6FA81BF4B /* Pods_Bubbly_BubblyUITests.framework */,
				335D8992D3546B1CB7049452 /* Pods_BubblyTests.framework */,
			);
			name = Frameworks;
			sourceTree = "<group>";
		};
		692462E530897C1019893B3D /* Pods */ = {
			isa = PBXGroup;
			children = (
				157198BD8D56DBCE942A075F /* Pods-Bubbly.debug.xcconfig */,
				0BED09934E35DD8A11C0E2A0 /* Pods-Bubbly.release.xcconfig */,
				7799B998E7E42E555F16D53C /* Pods-Bubbly-BubblyUITests.debug.xcconfig */,
				9CC48BDB369BFC801730ABB6 /* Pods-Bubbly-BubblyUITests.release.xcconfig */,
				F1FDC2BC347BEE9CA2E2E202 /* Pods-BubblyTests.debug.xcconfig */,
				29950D71DE36A76870AA69F9 /* Pods-BubblyTests.release.xcconfig */,
			);
			path = Pods;
			sourceTree = "<group>";
		};
		8C9EBF9524BCC1330031380E = {
			isa = PBXGroup;
			children = (
				8C9EBFA024BCC1330031380E /* Bubbly */,
				8C9EBFBC24BCC1340031380E /* BubblyTests */,
				8C9EBFC724BCC1340031380E /* BubblyUITests */,
				8C9EBF9F24BCC1330031380E /* Products */,
				692462E530897C1019893B3D /* Pods */,
				032D23C0C538C6A4451FBE76 /* Frameworks */,
			);
			sourceTree = "<group>";
		};
		8C9EBF9F24BCC1330031380E /* Products */ = {
			isa = PBXGroup;
			children = (
				8C9EBF9E24BCC1330031380E /* Bubbly.app */,
				8C9EBFB924BCC1340031380E /* BubblyTests.xctest */,
				8C9EBFC424BCC1340031380E /* BubblyUITests.xctest */,
			);
			name = Products;
			sourceTree = "<group>";
		};
		8C9EBFA024BCC1330031380E /* Bubbly */ = {
			isa = PBXGroup;
			children = (
				8C9EBFD824BCD1FD0031380E /* ViewControllers */,
				8C9EBFD724BCD1F80031380E /* Models */,
				8C9EBFD624BCD1E00031380E /* Views */,
				8C9EBFA124BCC1330031380E /* AppDelegate.h */,
				8C9EBFA224BCC1330031380E /* AppDelegate.m */,
				8C9EBFA424BCC1330031380E /* SceneDelegate.h */,
				8C9EBFA524BCC1330031380E /* SceneDelegate.m */,
				8C9EBFAA24BCC1330031380E /* Main.storyboard */,
				8C9EBFAD24BCC1340031380E /* Assets.xcassets */,
				8C9EBFAF24BCC1340031380E /* LaunchScreen.storyboard */,
				8C9EBFB224BCC1340031380E /* Info.plist */,
				8C9EBFB324BCC1340031380E /* main.m */,
				8C9EBFDA24BCD27E0031380E /* Utilities.h */,
				8C9EBFDB24BCD27E0031380E /* Utilities.m */,
			);
			path = Bubbly;
			sourceTree = "<group>";
		};
		8C9EBFBC24BCC1340031380E /* BubblyTests */ = {
			isa = PBXGroup;
			children = (
				8C9EBFBD24BCC1340031380E /* BubblyTests.m */,
				8C9EBFBF24BCC1340031380E /* Info.plist */,
			);
			path = BubblyTests;
			sourceTree = "<group>";
		};
		8C9EBFC724BCC1340031380E /* BubblyUITests */ = {
			isa = PBXGroup;
			children = (
				8C9EBFC824BCC1340031380E /* BubblyUITests.m */,
				8C9EBFCA24BCC1340031380E /* Info.plist */,
			);
			path = BubblyUITests;
			sourceTree = "<group>";
		};
		8C9EBFD624BCD1E00031380E /* Views */ = {
			isa = PBXGroup;
			children = (
				8C9EC01024BCF7B20031380E /* CameraView.h */,
				8C9EC01124BCF7B20031380E /* CameraView.m */,
			);
			path = Views;
			sourceTree = "<group>";
		};
		8C9EBFD724BCD1F80031380E /* Models */ = {
			isa = PBXGroup;
			children = (
				8C9EC00D24BCF7AB0031380E /* CameraView.h */,
				8C9EC00E24BCF7AB0031380E /* CameraView.m */,
				8C9EBFDD24BCD2AC0031380E /* User.h */,
				8C9EBFDE24BCD2AC0031380E /* User.m */,
				8C9EBFE024BCD2B40031380E /* Recipe.h */,
				8C9EBFE124BCD2B40031380E /* Recipe.m */,
				8C9EBFE324BCD2BC0031380E /* IntakeLog.h */,
				8C9EBFE424BCD2BC0031380E /* IntakeLog.m */,
				8C9EBFE924BCD2F60031380E /* Profile.h */,
				8C9EBFEA24BCD2F60031380E /* Profile.m */,
				8C9EBFEC24BCD2FE0031380E /* Health.h */,
				8C9EBFED24BCD2FE0031380E /* Health.m */,
				8C9EBFEF24BCD30A0031380E /* Settings.h */,
				8C9EBFF024BCD30A0031380E /* Settings.m */,
			);
			path = Models;
			sourceTree = "<group>";
		};
		8C9EBFD824BCD1FD0031380E /* ViewControllers */ = {
			isa = PBXGroup;
			children = (
				8C9EBFF524BCDF1F0031380E /* WelcomeViewController.h */,
				8C9EBFF624BCDF1F0031380E /* WelcomeViewController.m */,
				8C9EBFF824BCDF270031380E /* LoginViewController.h */,
				8C9EBFF924BCDF270031380E /* LoginViewController.m */,
				8C9EBFFB24BCDF2E0031380E /* SignUpViewController.h */,
				8C9EBFFC24BCDF2E0031380E /* SignUpViewController.m */,
				8C9EBFFE24BCDF370031380E /* HomeViewController.h */,
				8C9EBFFF24BCDF370031380E /* HomeViewController.m */,
				8C9EC00124BCDF3E0031380E /* BrowseViewController.h */,
				8C9EC00224BCDF3E0031380E /* BrowseViewController.m */,
				8C9EC00424BCDF440031380E /* DetailsViewController.h */,
				8C9EC00524BCDF440031380E /* DetailsViewController.m */,
				8C9EC00724BCDF4E0031380E /* ProfileViewController.h */,
				8C9EC00824BCDF4E0031380E /* ProfileViewController.m */,
				8C9EC00A24BCDF5B0031380E /* SettingsViewController.h */,
				8C9EC00B24BCDF5B0031380E /* SettingsViewController.m */,
			);
			path = ViewControllers;
			sourceTree = "<group>";
		};
/* End PBXGroup section */

/* Begin PBXNativeTarget section */
		8C9EBF9D24BCC1330031380E /* Bubbly */ = {
			isa = PBXNativeTarget;
			buildConfigurationList = 8C9EBFCD24BCC1340031380E /* Build configuration list for PBXNativeTarget "Bubbly" */;
			buildPhases = (
				D1F5B5397DBD2BBFBCF677F1 /* [CP] Check Pods Manifest.lock */,
				8C9EBF9A24BCC1330031380E /* Sources */,
				8C9EBF9B24BCC1330031380E /* Frameworks */,
				8C9EBF9C24BCC1330031380E /* Resources */,
				61AC8DA2AF38D35F74EFB832 /* [CP] Embed Pods Frameworks */,
			);
			buildRules = (
			);
			dependencies = (
			);
			name = Bubbly;
			productName = Bubbly;
			productReference = 8C9EBF9E24BCC1330031380E /* Bubbly.app */;
			productType = "com.apple.product-type.application";
		};
		8C9EBFB824BCC1340031380E /* BubblyTests */ = {
			isa = PBXNativeTarget;
			buildConfigurationList = 8C9EBFD024BCC1340031380E /* Build configuration list for PBXNativeTarget "BubblyTests" */;
			buildPhases = (
				E7679D8CEF9B0D081F8C78CC /* [CP] Check Pods Manifest.lock */,
				8C9EBFB524BCC1340031380E /* Sources */,
				8C9EBFB624BCC1340031380E /* Frameworks */,
				8C9EBFB724BCC1340031380E /* Resources */,
			);
			buildRules = (
			);
			dependencies = (
				8C9EBFBB24BCC1340031380E /* PBXTargetDependency */,
			);
			name = BubblyTests;
			productName = BubblyTests;
			productReference = 8C9EBFB924BCC1340031380E /* BubblyTests.xctest */;
			productType = "com.apple.product-type.bundle.unit-test";
		};
		8C9EBFC324BCC1340031380E /* BubblyUITests */ = {
			isa = PBXNativeTarget;
			buildConfigurationList = 8C9EBFD324BCC1340031380E /* Build configuration list for PBXNativeTarget "BubblyUITests" */;
			buildPhases = (
				82A44B268D60AF6DFE5DE354 /* [CP] Check Pods Manifest.lock */,
				8C9EBFC024BCC1340031380E /* Sources */,
				8C9EBFC124BCC1340031380E /* Frameworks */,
				8C9EBFC224BCC1340031380E /* Resources */,
				182D17CE38EB5CA08C5AF4D6 /* [CP] Embed Pods Frameworks */,
			);
			buildRules = (
			);
			dependencies = (
				8C9EBFC624BCC1340031380E /* PBXTargetDependency */,
			);
			name = BubblyUITests;
			productName = BubblyUITests;
			productReference = 8C9EBFC424BCC1340031380E /* BubblyUITests.xctest */;
			productType = "com.apple.product-type.bundle.ui-testing";
		};
/* End PBXNativeTarget section */

/* Begin PBXProject section */
		8C9EBF9624BCC1330031380E /* Project object */ = {
			isa = PBXProject;
			attributes = {
				LastUpgradeCheck = 1150;
				ORGANIZATIONNAME = fbarry;
				TargetAttributes = {
					8C9EBF9D24BCC1330031380E = {
						CreatedOnToolsVersion = 11.5;
					};
					8C9EBFB824BCC1340031380E = {
						CreatedOnToolsVersion = 11.5;
						TestTargetID = 8C9EBF9D24BCC1330031380E;
					};
					8C9EBFC324BCC1340031380E = {
						CreatedOnToolsVersion = 11.5;
						TestTargetID = 8C9EBF9D24BCC1330031380E;
					};
				};
			};
			buildConfigurationList = 8C9EBF9924BCC1330031380E /* Build configuration list for PBXProject "Bubbly" */;
			compatibilityVersion = "Xcode 9.3";
			developmentRegion = en;
			hasScannedForEncodings = 0;
			knownRegions = (
				en,
				Base,
			);
			mainGroup = 8C9EBF9524BCC1330031380E;
			productRefGroup = 8C9EBF9F24BCC1330031380E /* Products */;
			projectDirPath = "";
			projectRoot = "";
			targets = (
				8C9EBF9D24BCC1330031380E /* Bubbly */,
				8C9EBFB824BCC1340031380E /* BubblyTests */,
				8C9EBFC324BCC1340031380E /* BubblyUITests */,
			);
		};
/* End PBXProject section */

/* Begin PBXResourcesBuildPhase section */
		8C9EBF9C24BCC1330031380E /* Resources */ = {
			isa = PBXResourcesBuildPhase;
			buildActionMask = 2147483647;
			files = (
				8C9EBFB124BCC1340031380E /* LaunchScreen.storyboard in Resources */,
				8C9EBFAE24BCC1340031380E /* Assets.xcassets in Resources */,
				8C9EBFAC24BCC1330031380E /* Main.storyboard in Resources */,
			);
			runOnlyForDeploymentPostprocessing = 0;
		};
		8C9EBFB724BCC1340031380E /* Resources */ = {
			isa = PBXResourcesBuildPhase;
			buildActionMask = 2147483647;
			files = (
			);
			runOnlyForDeploymentPostprocessing = 0;
		};
		8C9EBFC224BCC1340031380E /* Resources */ = {
			isa = PBXResourcesBuildPhase;
			buildActionMask = 2147483647;
			files = (
			);
			runOnlyForDeploymentPostprocessing = 0;
		};
/* End PBXResourcesBuildPhase section */

/* Begin PBXShellScriptBuildPhase section */
		182D17CE38EB5CA08C5AF4D6 /* [CP] Embed Pods Frameworks */ = {
			isa = PBXShellScriptBuildPhase;
			buildActionMask = 2147483647;
			files = (
			);
			inputFileListPaths = (
				"${PODS_ROOT}/Target Support Files/Pods-Bubbly-BubblyUITests/Pods-Bubbly-BubblyUITests-frameworks-${CONFIGURATION}-input-files.xcfilelist",
			);
			name = "[CP] Embed Pods Frameworks";
			outputFileListPaths = (
				"${PODS_ROOT}/Target Support Files/Pods-Bubbly-BubblyUITests/Pods-Bubbly-BubblyUITests-frameworks-${CONFIGURATION}-output-files.xcfilelist",
			);
			runOnlyForDeploymentPostprocessing = 0;
			shellPath = /bin/sh;
			shellScript = "\"${PODS_ROOT}/Target Support Files/Pods-Bubbly-BubblyUITests/Pods-Bubbly-BubblyUITests-frameworks.sh\"\n";
			showEnvVarsInLog = 0;
		};
		61AC8DA2AF38D35F74EFB832 /* [CP] Embed Pods Frameworks */ = {
			isa = PBXShellScriptBuildPhase;
			buildActionMask = 2147483647;
			files = (
			);
			inputFileListPaths = (
				"${PODS_ROOT}/Target Support Files/Pods-Bubbly/Pods-Bubbly-frameworks-${CONFIGURATION}-input-files.xcfilelist",
			);
			name = "[CP] Embed Pods Frameworks";
			outputFileListPaths = (
				"${PODS_ROOT}/Target Support Files/Pods-Bubbly/Pods-Bubbly-frameworks-${CONFIGURATION}-output-files.xcfilelist",
			);
			runOnlyForDeploymentPostprocessing = 0;
			shellPath = /bin/sh;
			shellScript = "\"${PODS_ROOT}/Target Support Files/Pods-Bubbly/Pods-Bubbly-frameworks.sh\"\n";
			showEnvVarsInLog = 0;
		};
		82A44B268D60AF6DFE5DE354 /* [CP] Check Pods Manifest.lock */ = {
			isa = PBXShellScriptBuildPhase;
			buildActionMask = 2147483647;
			files = (
			);
			inputFileListPaths = (
			);
			inputPaths = (
				"${PODS_PODFILE_DIR_PATH}/Podfile.lock",
				"${PODS_ROOT}/Manifest.lock",
			);
			name = "[CP] Check Pods Manifest.lock";
			outputFileListPaths = (
			);
			outputPaths = (
				"$(DERIVED_FILE_DIR)/Pods-Bubbly-BubblyUITests-checkManifestLockResult.txt",
			);
			runOnlyForDeploymentPostprocessing = 0;
			shellPath = /bin/sh;
			shellScript = "diff \"${PODS_PODFILE_DIR_PATH}/Podfile.lock\" \"${PODS_ROOT}/Manifest.lock\" > /dev/null\nif [ $? != 0 ] ; then\n    # print error to STDERR\n    echo \"error: The sandbox is not in sync with the Podfile.lock. Run 'pod install' or update your CocoaPods installation.\" >&2\n    exit 1\nfi\n# This output is used by Xcode 'outputs' to avoid re-running this script phase.\necho \"SUCCESS\" > \"${SCRIPT_OUTPUT_FILE_0}\"\n";
			showEnvVarsInLog = 0;
		};
		D1F5B5397DBD2BBFBCF677F1 /* [CP] Check Pods Manifest.lock */ = {
			isa = PBXShellScriptBuildPhase;
			buildActionMask = 2147483647;
			files = (
			);
			inputFileListPaths = (
			);
			inputPaths = (
				"${PODS_PODFILE_DIR_PATH}/Podfile.lock",
				"${PODS_ROOT}/Manifest.lock",
			);
			name = "[CP] Check Pods Manifest.lock";
			outputFileListPaths = (
			);
			outputPaths = (
				"$(DERIVED_FILE_DIR)/Pods-Bubbly-checkManifestLockResult.txt",
			);
			runOnlyForDeploymentPostprocessing = 0;
			shellPath = /bin/sh;
			shellScript = "diff \"${PODS_PODFILE_DIR_PATH}/Podfile.lock\" \"${PODS_ROOT}/Manifest.lock\" > /dev/null\nif [ $? != 0 ] ; then\n    # print error to STDERR\n    echo \"error: The sandbox is not in sync with the Podfile.lock. Run 'pod install' or update your CocoaPods installation.\" >&2\n    exit 1\nfi\n# This output is used by Xcode 'outputs' to avoid re-running this script phase.\necho \"SUCCESS\" > \"${SCRIPT_OUTPUT_FILE_0}\"\n";
			showEnvVarsInLog = 0;
		};
		E7679D8CEF9B0D081F8C78CC /* [CP] Check Pods Manifest.lock */ = {
			isa = PBXShellScriptBuildPhase;
			buildActionMask = 2147483647;
			files = (
			);
			inputFileListPaths = (
			);
			inputPaths = (
				"${PODS_PODFILE_DIR_PATH}/Podfile.lock",
				"${PODS_ROOT}/Manifest.lock",
			);
			name = "[CP] Check Pods Manifest.lock";
			outputFileListPaths = (
			);
			outputPaths = (
				"$(DERIVED_FILE_DIR)/Pods-BubblyTests-checkManifestLockResult.txt",
			);
			runOnlyForDeploymentPostprocessing = 0;
			shellPath = /bin/sh;
			shellScript = "diff \"${PODS_PODFILE_DIR_PATH}/Podfile.lock\" \"${PODS_ROOT}/Manifest.lock\" > /dev/null\nif [ $? != 0 ] ; then\n    # print error to STDERR\n    echo \"error: The sandbox is not in sync with the Podfile.lock. Run 'pod install' or update your CocoaPods installation.\" >&2\n    exit 1\nfi\n# This output is used by Xcode 'outputs' to avoid re-running this script phase.\necho \"SUCCESS\" > \"${SCRIPT_OUTPUT_FILE_0}\"\n";
			showEnvVarsInLog = 0;
		};
/* End PBXShellScriptBuildPhase section */

/* Begin PBXSourcesBuildPhase section */
		8C9EBF9A24BCC1330031380E /* Sources */ = {
			isa = PBXSourcesBuildPhase;
			buildActionMask = 2147483647;
			files = (
				8C9EBFDF24BCD2AC0031380E /* User.m in Sources */,
				8C9EC00324BCDF3E0031380E /* BrowseViewController.m in Sources */,
				8C9EBFFA24BCDF270031380E /* LoginViewController.m in Sources */,
				8C9EBFE524BCD2BC0031380E /* IntakeLog.m in Sources */,
				8C9EBFF124BCD30A0031380E /* Settings.m in Sources */,
				8C9EBFEB24BCD2F60031380E /* Profile.m in Sources */,
				8C9EC00F24BCF7AB0031380E /* CameraView.m in Sources */,
				8C9EBFF724BCDF1F0031380E /* WelcomeViewController.m in Sources */,
				8C9EBFE224BCD2B40031380E /* Recipe.m in Sources */,
				8C9EC00024BCDF370031380E /* HomeViewController.m in Sources */,
				8C9EC00924BCDF4E0031380E /* ProfileViewController.m in Sources */,
				8C9EC00C24BCDF5B0031380E /* SettingsViewController.m in Sources */,
				8C9EC00624BCDF440031380E /* DetailsViewController.m in Sources */,
				8C9EBFA324BCC1330031380E /* AppDelegate.m in Sources */,
				8C9EBFB424BCC1340031380E /* main.m in Sources */,
				8C9EBFDC24BCD27E0031380E /* Utilities.m in Sources */,
				8C9EBFA624BCC1330031380E /* SceneDelegate.m in Sources */,
				8C9EBFFD24BCDF2E0031380E /* SignUpViewController.m in Sources */,
				8C9EBFEE24BCD2FE0031380E /* Health.m in Sources */,
			);
			runOnlyForDeploymentPostprocessing = 0;
		};
		8C9EBFB524BCC1340031380E /* Sources */ = {
			isa = PBXSourcesBuildPhase;
			buildActionMask = 2147483647;
			files = (
				8C9EBFBE24BCC1340031380E /* BubblyTests.m in Sources */,
			);
			runOnlyForDeploymentPostprocessing = 0;
		};
		8C9EBFC024BCC1340031380E /* Sources */ = {
			isa = PBXSourcesBuildPhase;
			buildActionMask = 2147483647;
			files = (
				8C9EBFC924BCC1340031380E /* BubblyUITests.m in Sources */,
			);
			runOnlyForDeploymentPostprocessing = 0;
		};
/* End PBXSourcesBuildPhase section */

/* Begin PBXTargetDependency section */
		8C9EBFBB24BCC1340031380E /* PBXTargetDependency */ = {
			isa = PBXTargetDependency;
			target = 8C9EBF9D24BCC1330031380E /* Bubbly */;
			targetProxy = 8C9EBFBA24BCC1340031380E /* PBXContainerItemProxy */;
		};
		8C9EBFC624BCC1340031380E /* PBXTargetDependency */ = {
			isa = PBXTargetDependency;
			target = 8C9EBF9D24BCC1330031380E /* Bubbly */;
			targetProxy = 8C9EBFC524BCC1340031380E /* PBXContainerItemProxy */;
		};
/* End PBXTargetDependency section */

/* Begin PBXVariantGroup section */
		8C9EBFAA24BCC1330031380E /* Main.storyboard */ = {
			isa = PBXVariantGroup;
			children = (
				8C9EBFAB24BCC1330031380E /* Base */,
			);
			name = Main.storyboard;
			sourceTree = "<group>";
		};
		8C9EBFAF24BCC1340031380E /* LaunchScreen.storyboard */ = {
			isa = PBXVariantGroup;
			children = (
				8C9EBFB024BCC1340031380E /* Base */,
			);
			name = LaunchScreen.storyboard;
			sourceTree = "<group>";
		};
/* End PBXVariantGroup section */

/* Begin XCBuildConfiguration section */
		8C9EBFCB24BCC1340031380E /* Debug */ = {
			isa = XCBuildConfiguration;
			buildSettings = {
				ALWAYS_SEARCH_USER_PATHS = NO;
				CLANG_ANALYZER_NONNULL = YES;
				CLANG_ANALYZER_NUMBER_OBJECT_CONVERSION = YES_AGGRESSIVE;
				CLANG_CXX_LANGUAGE_STANDARD = "gnu++14";
				CLANG_CXX_LIBRARY = "libc++";
				CLANG_ENABLE_MODULES = YES;
				CLANG_ENABLE_OBJC_ARC = YES;
				CLANG_ENABLE_OBJC_WEAK = YES;
				CLANG_WARN_BLOCK_CAPTURE_AUTORELEASING = YES;
				CLANG_WARN_BOOL_CONVERSION = YES;
				CLANG_WARN_COMMA = YES;
				CLANG_WARN_CONSTANT_CONVERSION = YES;
				CLANG_WARN_DEPRECATED_OBJC_IMPLEMENTATIONS = YES;
				CLANG_WARN_DIRECT_OBJC_ISA_USAGE = YES_ERROR;
				CLANG_WARN_DOCUMENTATION_COMMENTS = YES;
				CLANG_WARN_EMPTY_BODY = YES;
				CLANG_WARN_ENUM_CONVERSION = YES;
				CLANG_WARN_INFINITE_RECURSION = YES;
				CLANG_WARN_INT_CONVERSION = YES;
				CLANG_WARN_NON_LITERAL_NULL_CONVERSION = YES;
				CLANG_WARN_OBJC_IMPLICIT_RETAIN_SELF = YES;
				CLANG_WARN_OBJC_LITERAL_CONVERSION = YES;
				CLANG_WARN_OBJC_ROOT_CLASS = YES_ERROR;
				CLANG_WARN_RANGE_LOOP_ANALYSIS = YES;
				CLANG_WARN_STRICT_PROTOTYPES = YES;
				CLANG_WARN_SUSPICIOUS_MOVE = YES;
				CLANG_WARN_UNGUARDED_AVAILABILITY = YES_AGGRESSIVE;
				CLANG_WARN_UNREACHABLE_CODE = YES;
				CLANG_WARN__DUPLICATE_METHOD_MATCH = YES;
				COPY_PHASE_STRIP = NO;
				DEBUG_INFORMATION_FORMAT = dwarf;
				ENABLE_STRICT_OBJC_MSGSEND = YES;
				ENABLE_TESTABILITY = YES;
				GCC_C_LANGUAGE_STANDARD = gnu11;
				GCC_DYNAMIC_NO_PIC = NO;
				GCC_NO_COMMON_BLOCKS = YES;
				GCC_OPTIMIZATION_LEVEL = 0;
				GCC_PREPROCESSOR_DEFINITIONS = (
					"DEBUG=1",
					"$(inherited)",
				);
				GCC_WARN_64_TO_32_BIT_CONVERSION = YES;
				GCC_WARN_ABOUT_RETURN_TYPE = YES_ERROR;
				GCC_WARN_UNDECLARED_SELECTOR = YES;
				GCC_WARN_UNINITIALIZED_AUTOS = YES_AGGRESSIVE;
				GCC_WARN_UNUSED_FUNCTION = YES;
				GCC_WARN_UNUSED_VARIABLE = YES;
				IPHONEOS_DEPLOYMENT_TARGET = 13.5;
				MTL_ENABLE_DEBUG_INFO = INCLUDE_SOURCE;
				MTL_FAST_MATH = YES;
				ONLY_ACTIVE_ARCH = YES;
				SDKROOT = iphoneos;
			};
			name = Debug;
		};
		8C9EBFCC24BCC1340031380E /* Release */ = {
			isa = XCBuildConfiguration;
			buildSettings = {
				ALWAYS_SEARCH_USER_PATHS = NO;
				CLANG_ANALYZER_NONNULL = YES;
				CLANG_ANALYZER_NUMBER_OBJECT_CONVERSION = YES_AGGRESSIVE;
				CLANG_CXX_LANGUAGE_STANDARD = "gnu++14";
				CLANG_CXX_LIBRARY = "libc++";
				CLANG_ENABLE_MODULES = YES;
				CLANG_ENABLE_OBJC_ARC = YES;
				CLANG_ENABLE_OBJC_WEAK = YES;
				CLANG_WARN_BLOCK_CAPTURE_AUTORELEASING = YES;
				CLANG_WARN_BOOL_CONVERSION = YES;
				CLANG_WARN_COMMA = YES;
				CLANG_WARN_CONSTANT_CONVERSION = YES;
				CLANG_WARN_DEPRECATED_OBJC_IMPLEMENTATIONS = YES;
				CLANG_WARN_DIRECT_OBJC_ISA_USAGE = YES_ERROR;
				CLANG_WARN_DOCUMENTATION_COMMENTS = YES;
				CLANG_WARN_EMPTY_BODY = YES;
				CLANG_WARN_ENUM_CONVERSION = YES;
				CLANG_WARN_INFINITE_RECURSION = YES;
				CLANG_WARN_INT_CONVERSION = YES;
				CLANG_WARN_NON_LITERAL_NULL_CONVERSION = YES;
				CLANG_WARN_OBJC_IMPLICIT_RETAIN_SELF = YES;
				CLANG_WARN_OBJC_LITERAL_CONVERSION = YES;
				CLANG_WARN_OBJC_ROOT_CLASS = YES_ERROR;
				CLANG_WARN_RANGE_LOOP_ANALYSIS = YES;
				CLANG_WARN_STRICT_PROTOTYPES = YES;
				CLANG_WARN_SUSPICIOUS_MOVE = YES;
				CLANG_WARN_UNGUARDED_AVAILABILITY = YES_AGGRESSIVE;
				CLANG_WARN_UNREACHABLE_CODE = YES;
				CLANG_WARN__DUPLICATE_METHOD_MATCH = YES;
				COPY_PHASE_STRIP = NO;
				DEBUG_INFORMATION_FORMAT = "dwarf-with-dsym";
				ENABLE_NS_ASSERTIONS = NO;
				ENABLE_STRICT_OBJC_MSGSEND = YES;
				GCC_C_LANGUAGE_STANDARD = gnu11;
				GCC_NO_COMMON_BLOCKS = YES;
				GCC_WARN_64_TO_32_BIT_CONVERSION = YES;
				GCC_WARN_ABOUT_RETURN_TYPE = YES_ERROR;
				GCC_WARN_UNDECLARED_SELECTOR = YES;
				GCC_WARN_UNINITIALIZED_AUTOS = YES_AGGRESSIVE;
				GCC_WARN_UNUSED_FUNCTION = YES;
				GCC_WARN_UNUSED_VARIABLE = YES;
				IPHONEOS_DEPLOYMENT_TARGET = 13.5;
				MTL_ENABLE_DEBUG_INFO = NO;
				MTL_FAST_MATH = YES;
				SDKROOT = iphoneos;
				VALIDATE_PRODUCT = YES;
			};
			name = Release;
		};
		8C9EBFCE24BCC1340031380E /* Debug */ = {
			isa = XCBuildConfiguration;
			baseConfigurationReference = 157198BD8D56DBCE942A075F /* Pods-Bubbly.debug.xcconfig */;
			buildSettings = {
				ASSETCATALOG_COMPILER_APPICON_NAME = AppIcon;
				CODE_SIGN_STYLE = Automatic;
				DEVELOPMENT_TEAM = R7MZ4U6N4Y;
				INFOPLIST_FILE = Bubbly/Info.plist;
				LD_RUNPATH_SEARCH_PATHS = (
					"$(inherited)",
					"@executable_path/Frameworks",
				);
				PRODUCT_BUNDLE_IDENTIFIER = com.fbarry.Bubbly;
				PRODUCT_NAME = "$(TARGET_NAME)";
				TARGETED_DEVICE_FAMILY = "1,2";
			};
			name = Debug;
		};
		8C9EBFCF24BCC1340031380E /* Release */ = {
			isa = XCBuildConfiguration;
			baseConfigurationReference = 0BED09934E35DD8A11C0E2A0 /* Pods-Bubbly.release.xcconfig */;
			buildSettings = {
				ASSETCATALOG_COMPILER_APPICON_NAME = AppIcon;
				CODE_SIGN_STYLE = Automatic;
				DEVELOPMENT_TEAM = R7MZ4U6N4Y;
				INFOPLIST_FILE = Bubbly/Info.plist;
				LD_RUNPATH_SEARCH_PATHS = (
					"$(inherited)",
					"@executable_path/Frameworks",
				);
				PRODUCT_BUNDLE_IDENTIFIER = com.fbarry.Bubbly;
				PRODUCT_NAME = "$(TARGET_NAME)";
				TARGETED_DEVICE_FAMILY = "1,2";
			};
			name = Release;
		};
		8C9EBFD124BCC1340031380E /* Debug */ = {
			isa = XCBuildConfiguration;
			baseConfigurationReference = F1FDC2BC347BEE9CA2E2E202 /* Pods-BubblyTests.debug.xcconfig */;
			buildSettings = {
				BUNDLE_LOADER = "$(TEST_HOST)";
				CODE_SIGN_STYLE = Automatic;
				DEVELOPMENT_TEAM = R7MZ4U6N4Y;
				INFOPLIST_FILE = BubblyTests/Info.plist;
				IPHONEOS_DEPLOYMENT_TARGET = 13.5;
				LD_RUNPATH_SEARCH_PATHS = (
					"$(inherited)",
					"@executable_path/Frameworks",
					"@loader_path/Frameworks",
				);
				PRODUCT_BUNDLE_IDENTIFIER = com.fbarry.BubblyTests;
				PRODUCT_NAME = "$(TARGET_NAME)";
				TARGETED_DEVICE_FAMILY = "1,2";
				TEST_HOST = "$(BUILT_PRODUCTS_DIR)/Bubbly.app/Bubbly";
			};
			name = Debug;
		};
		8C9EBFD224BCC1340031380E /* Release */ = {
			isa = XCBuildConfiguration;
			baseConfigurationReference = 29950D71DE36A76870AA69F9 /* Pods-BubblyTests.release.xcconfig */;
			buildSettings = {
				BUNDLE_LOADER = "$(TEST_HOST)";
				CODE_SIGN_STYLE = Automatic;
				DEVELOPMENT_TEAM = R7MZ4U6N4Y;
				INFOPLIST_FILE = BubblyTests/Info.plist;
				IPHONEOS_DEPLOYMENT_TARGET = 13.5;
				LD_RUNPATH_SEARCH_PATHS = (
					"$(inherited)",
					"@executable_path/Frameworks",
					"@loader_path/Frameworks",
				);
				PRODUCT_BUNDLE_IDENTIFIER = com.fbarry.BubblyTests;
				PRODUCT_NAME = "$(TARGET_NAME)";
				TARGETED_DEVICE_FAMILY = "1,2";
				TEST_HOST = "$(BUILT_PRODUCTS_DIR)/Bubbly.app/Bubbly";
			};
			name = Release;
		};
		8C9EBFD424BCC1340031380E /* Debug */ = {
			isa = XCBuildConfiguration;
			baseConfigurationReference = 7799B998E7E42E555F16D53C /* Pods-Bubbly-BubblyUITests.debug.xcconfig */;
			buildSettings = {
				CODE_SIGN_STYLE = Automatic;
				DEVELOPMENT_TEAM = R7MZ4U6N4Y;
				INFOPLIST_FILE = BubblyUITests/Info.plist;
				LD_RUNPATH_SEARCH_PATHS = (
					"$(inherited)",
					"@executable_path/Frameworks",
					"@loader_path/Frameworks",
				);
				PRODUCT_BUNDLE_IDENTIFIER = com.fbarry.BubblyUITests;
				PRODUCT_NAME = "$(TARGET_NAME)";
				TARGETED_DEVICE_FAMILY = "1,2";
				TEST_TARGET_NAME = Bubbly;
			};
			name = Debug;
		};
		8C9EBFD524BCC1340031380E /* Release */ = {
			isa = XCBuildConfiguration;
			baseConfigurationReference = 9CC48BDB369BFC801730ABB6 /* Pods-Bubbly-BubblyUITests.release.xcconfig */;
			buildSettings = {
				CODE_SIGN_STYLE = Automatic;
				DEVELOPMENT_TEAM = R7MZ4U6N4Y;
				INFOPLIST_FILE = BubblyUITests/Info.plist;
				LD_RUNPATH_SEARCH_PATHS = (
					"$(inherited)",
					"@executable_path/Frameworks",
					"@loader_path/Frameworks",
				);
				PRODUCT_BUNDLE_IDENTIFIER = com.fbarry.BubblyUITests;
				PRODUCT_NAME = "$(TARGET_NAME)";
				TARGETED_DEVICE_FAMILY = "1,2";
				TEST_TARGET_NAME = Bubbly;
			};
			name = Release;
		};
/* End XCBuildConfiguration section */

/* Begin XCConfigurationList section */
		8C9EBF9924BCC1330031380E /* Build configuration list for PBXProject "Bubbly" */ = {
			isa = XCConfigurationList;
			buildConfigurations = (
				8C9EBFCB24BCC1340031380E /* Debug */,
				8C9EBFCC24BCC1340031380E /* Release */,
			);
			defaultConfigurationIsVisible = 0;
			defaultConfigurationName = Release;
		};
		8C9EBFCD24BCC1340031380E /* Build configuration list for PBXNativeTarget "Bubbly" */ = {
			isa = XCConfigurationList;
			buildConfigurations = (
				8C9EBFCE24BCC1340031380E /* Debug */,
				8C9EBFCF24BCC1340031380E /* Release */,
			);
			defaultConfigurationIsVisible = 0;
			defaultConfigurationName = Release;
		};
		8C9EBFD024BCC1340031380E /* Build configuration list for PBXNativeTarget "BubblyTests" */ = {
			isa = XCConfigurationList;
			buildConfigurations = (
				8C9EBFD124BCC1340031380E /* Debug */,
				8C9EBFD224BCC1340031380E /* Release */,
			);
			defaultConfigurationIsVisible = 0;
			defaultConfigurationName = Release;
		};
		8C9EBFD324BCC1340031380E /* Build configuration list for PBXNativeTarget "BubblyUITests" */ = {
			isa = XCConfigurationList;
			buildConfigurations = (
				8C9EBFD424BCC1340031380E /* Debug */,
				8C9EBFD524BCC1340031380E /* Release */,
			);
			defaultConfigurationIsVisible = 0;
			defaultConfigurationName = Release;
		};
/* End XCConfigurationList section */
	};
	rootObject = 8C9EBF9624BCC1330031380E /* Project object */;
}
