// !$*UTF8*$!
{
	archiveVersion = 1;
	classes = {
	};
	objectVersion = 52;
	objects = {

/* Begin PBXBuildFile section */
		8C21338024CF36CB00C796BA /* TPKeyboardAvoidingScrollView.m in Sources */ = {isa = PBXBuildFile; fileRef = 8C21337E24CF36CB00C796BA /* TPKeyboardAvoidingScrollView.m */; };
		8C4D455A24CF8C8E00BCF93F /* FBLoginViewController.m in Sources */ = {isa = PBXBuildFile; fileRef = 8C4D455924CF8C8E00BCF93F /* FBLoginViewController.m */; };
		8C66984C24CF3A3F00BB2579 /* UIScrollView+TPKeyboardAvoidingAdditions.m in Sources */ = {isa = PBXBuildFile; fileRef = 8C66984A24CF3A3E00BB2579 /* UIScrollView+TPKeyboardAvoidingAdditions.m */; };
		8C66984F24CF4C6100BB2579 /* BuildFile in Frameworks */ = {isa = PBXBuildFile; productRef = 8C66984E24CF4C6100BB2579 /* SwiftPackageProductDependency */; };
		8C66985124CF4C6100BB2579 /* BuildFile in Frameworks */ = {isa = PBXBuildFile; productRef = 8C66985024CF4C6100BB2579 /* SwiftPackageProductDependency */; };
		8C66985324CF4C6100BB2579 /* BuildFile in Frameworks */ = {isa = PBXBuildFile; productRef = 8C66985224CF4C6100BB2579 /* SwiftPackageProductDependency */; };
		8C66985F24CF7C2500BB2579 /* FacebookShareView.m in Sources */ = {isa = PBXBuildFile; fileRef = 8C66985E24CF7C2400BB2579 /* FacebookShareView.m */; };
		8C6FECE324CA2EC500B14E8F /* BalloonMarker.swift in Sources */ = {isa = PBXBuildFile; fileRef = 8C6FECE224CA2EC500B14E8F /* BalloonMarker.swift */; };
		8C9B17DA24CA03FB00D84D18 /* ProfileContainerViewController.m in Sources */ = {isa = PBXBuildFile; fileRef = 8C9B17D924CA03FB00D84D18 /* ProfileContainerViewController.m */; };
		8C9EBFA324BCC1330031380E /* AppDelegate.m in Sources */ = {isa = PBXBuildFile; fileRef = 8C9EBFA224BCC1330031380E /* AppDelegate.m */; };
		8C9EBFA624BCC1330031380E /* SceneDelegate.m in Sources */ = {isa = PBXBuildFile; fileRef = 8C9EBFA524BCC1330031380E /* SceneDelegate.m */; };
		8C9EBFAC24BCC1330031380E /* Main.storyboard in Resources */ = {isa = PBXBuildFile; fileRef = 8C9EBFAA24BCC1330031380E /* Main.storyboard */; };
		8C9EBFAE24BCC1340031380E /* Assets.xcassets in Resources */ = {isa = PBXBuildFile; fileRef = 8C9EBFAD24BCC1340031380E /* Assets.xcassets */; };
		8C9EBFB124BCC1340031380E /* LaunchScreen.storyboard in Resources */ = {isa = PBXBuildFile; fileRef = 8C9EBFAF24BCC1340031380E /* LaunchScreen.storyboard */; };
		8C9EBFB424BCC1340031380E /* main.m in Sources */ = {isa = PBXBuildFile; fileRef = 8C9EBFB324BCC1340031380E /* main.m */; };
		8C9EBFBE24BCC1340031380E /* BubblyTests.m in Sources */ = {isa = PBXBuildFile; fileRef = 8C9EBFBD24BCC1340031380E /* BubblyTests.m */; };
		8C9EBFC924BCC1340031380E /* BubblyUITests.m in Sources */ = {isa = PBXBuildFile; fileRef = 8C9EBFC824BCC1340031380E /* BubblyUITests.m */; };
		8C9EBFDC24BCD27E0031380E /* Utilities.m in Sources */ = {isa = PBXBuildFile; fileRef = 8C9EBFDB24BCD27E0031380E /* Utilities.m */; };
		8C9EBFDF24BCD2AC0031380E /* User.m in Sources */ = {isa = PBXBuildFile; fileRef = 8C9EBFDE24BCD2AC0031380E /* User.m */; };
		8C9EBFE224BCD2B40031380E /* Recipe.m in Sources */ = {isa = PBXBuildFile; fileRef = 8C9EBFE124BCD2B40031380E /* Recipe.m */; };
		8C9EBFE524BCD2BC0031380E /* IntakeLog.m in Sources */ = {isa = PBXBuildFile; fileRef = 8C9EBFE424BCD2BC0031380E /* IntakeLog.m */; };
		8C9EBFF724BCDF1F0031380E /* LoginViewController.m in Sources */ = {isa = PBXBuildFile; fileRef = 8C9EBFF624BCDF1F0031380E /* LoginViewController.m */; };
		8C9EBFFD24BCDF2E0031380E /* SignUpViewController.m in Sources */ = {isa = PBXBuildFile; fileRef = 8C9EBFFC24BCDF2E0031380E /* SignUpViewController.m */; };
		8C9EC00024BCDF370031380E /* HomeViewController.m in Sources */ = {isa = PBXBuildFile; fileRef = 8C9EBFFF24BCDF370031380E /* HomeViewController.m */; };
		8C9EC00324BCDF3E0031380E /* RecipesViewController.m in Sources */ = {isa = PBXBuildFile; fileRef = 8C9EC00224BCDF3E0031380E /* RecipesViewController.m */; };
		8C9EC00624BCDF440031380E /* DetailsViewController.m in Sources */ = {isa = PBXBuildFile; fileRef = 8C9EC00524BCDF440031380E /* DetailsViewController.m */; };
		8C9EC00924BCDF4E0031380E /* ProfileViewController.m in Sources */ = {isa = PBXBuildFile; fileRef = 8C9EC00824BCDF4E0031380E /* ProfileViewController.m */; };
		8C9EC00C24BCDF5B0031380E /* SettingsViewController.m in Sources */ = {isa = PBXBuildFile; fileRef = 8C9EC00B24BCDF5B0031380E /* SettingsViewController.m */; };
		8CA0DB8324BE164B00B93FEC /* RecipeCell.m in Sources */ = {isa = PBXBuildFile; fileRef = 8CA0DB8224BE164B00B93FEC /* RecipeCell.m */; };
		8CA0DB8624BE24DC00B93FEC /* IngredientCell.m in Sources */ = {isa = PBXBuildFile; fileRef = 8CA0DB8524BE24DC00B93FEC /* IngredientCell.m */; };
		8CA0DB8924BE266700B93FEC /* ComposeViewController.m in Sources */ = {isa = PBXBuildFile; fileRef = 8CA0DB8824BE266700B93FEC /* ComposeViewController.m */; };
		8CA0DB8C24BF589C00B93FEC /* DataViewController.m in Sources */ = {isa = PBXBuildFile; fileRef = 8CA0DB8B24BF589C00B93FEC /* DataViewController.m */; };
		8CA0DB8F24BF58A400B93FEC /* SavedViewController.m in Sources */ = {isa = PBXBuildFile; fileRef = 8CA0DB8E24BF58A400B93FEC /* SavedViewController.m */; };
		8CA0DB9224BF58B100B93FEC /* BuyViewController.m in Sources */ = {isa = PBXBuildFile; fileRef = 8CA0DB9124BF58B100B93FEC /* BuyViewController.m */; };
		8CA0DB9924BF918C00B93FEC /* CameraView.m in Sources */ = {isa = PBXBuildFile; fileRef = 8CA0DB9824BF918C00B93FEC /* CameraView.m */; };
		8CBB59A624C0BB9E0062FB0F /* BuyCell.m in Sources */ = {isa = PBXBuildFile; fileRef = 8CBB59A524C0BB9E0062FB0F /* BuyCell.m */; };
		8CD3628724CA0AA9007B02E8 /* SidebarViewController.m in Sources */ = {isa = PBXBuildFile; fileRef = 8CD3628624CA0AA9007B02E8 /* SidebarViewController.m */; };
		8CF7B9A824C7858D00B0F8C3 /* IntakeDayLog.m in Sources */ = {isa = PBXBuildFile; fileRef = 8CF7B9A724C7858D00B0F8C3 /* IntakeDayLog.m */; };
/* End PBXBuildFile section */

/* Begin PBXContainerItemProxy section */
		8C9EBFBA24BCC1340031380E /* PBXContainerItemProxy */ = {
			isa = PBXContainerItemProxy;
			containerPortal = 8C9EBF9624BCC1330031380E /* Project object */;
			proxyType = 1;
			remoteGlobalIDString = 8C9EBF9D24BCC1330031380E;
			remoteInfo = Bubbly;
		};
		8C9EBFC524BCC1340031380E /* PBXContainerItemProxy */ = {
			isa = PBXContainerItemProxy;
			containerPortal = 8C9EBF9624BCC1330031380E /* Project object */;
			proxyType = 1;
			remoteGlobalIDString = 8C9EBF9D24BCC1330031380E;
			remoteInfo = Bubbly;
		};
/* End PBXContainerItemProxy section */

/* Begin PBXFileReference section */
		8C21337E24CF36CB00C796BA /* TPKeyboardAvoidingScrollView.m */ = {isa = PBXFileReference; fileEncoding = 4; lastKnownFileType = sourcecode.c.objc; name = TPKeyboardAvoidingScrollView.m; path = "../../../../../Downloads/TPKeyboardAvoiding-master/TPKeyboardAvoiding/TPKeyboardAvoidingScrollView.m"; sourceTree = "<group>"; };
		8C21337F24CF36CB00C796BA /* TPKeyboardAvoidingScrollView.h */ = {isa = PBXFileReference; fileEncoding = 4; lastKnownFileType = sourcecode.c.h; name = TPKeyboardAvoidingScrollView.h; path = "../../../../../Downloads/TPKeyboardAvoiding-master/TPKeyboardAvoiding/TPKeyboardAvoidingScrollView.h"; sourceTree = "<group>"; };
		8C4D455824CF8C8E00BCF93F /* FBLoginViewController.h */ = {isa = PBXFileReference; lastKnownFileType = sourcecode.c.h; path = FBLoginViewController.h; sourceTree = "<group>"; };
		8C4D455924CF8C8E00BCF93F /* FBLoginViewController.m */ = {isa = PBXFileReference; lastKnownFileType = sourcecode.c.objc; path = FBLoginViewController.m; sourceTree = "<group>"; };
		8C66984A24CF3A3E00BB2579 /* UIScrollView+TPKeyboardAvoidingAdditions.m */ = {isa = PBXFileReference; fileEncoding = 4; lastKnownFileType = sourcecode.c.objc; name = "UIScrollView+TPKeyboardAvoidingAdditions.m"; path = "../../../../../Downloads/TPKeyboardAvoiding-master/TPKeyboardAvoiding/UIScrollView+TPKeyboardAvoidingAdditions.m"; sourceTree = "<group>"; };
		8C66984B24CF3A3E00BB2579 /* UIScrollView+TPKeyboardAvoidingAdditions.h */ = {isa = PBXFileReference; fileEncoding = 4; lastKnownFileType = sourcecode.c.h; name = "UIScrollView+TPKeyboardAvoidingAdditions.h"; path = "../../../../../Downloads/TPKeyboardAvoiding-master/TPKeyboardAvoiding/UIScrollView+TPKeyboardAvoidingAdditions.h"; sourceTree = "<group>"; };
		8C66985D24CF7C2400BB2579 /* FacebookShareView.h */ = {isa = PBXFileReference; lastKnownFileType = sourcecode.c.h; path = FacebookShareView.h; sourceTree = "<group>"; };
		8C66985E24CF7C2400BB2579 /* FacebookShareView.m */ = {isa = PBXFileReference; lastKnownFileType = sourcecode.c.objc; path = FacebookShareView.m; sourceTree = "<group>"; };
		8C6FECE224CA2EC500B14E8F /* BalloonMarker.swift */ = {isa = PBXFileReference; lastKnownFileType = sourcecode.swift; path = BalloonMarker.swift; sourceTree = "<group>"; };
		8C6FECE524CA321100B14E8F /* Bubbly-Bridging-Header.h */ = {isa = PBXFileReference; lastKnownFileType = sourcecode.c.h; path = "Bubbly-Bridging-Header.h"; sourceTree = "<group>"; };
		8C9B17D824CA03FB00D84D18 /* ProfileContainerViewController.h */ = {isa = PBXFileReference; lastKnownFileType = sourcecode.c.h; path = ProfileContainerViewController.h; sourceTree = "<group>"; };
		8C9B17D924CA03FB00D84D18 /* ProfileContainerViewController.m */ = {isa = PBXFileReference; lastKnownFileType = sourcecode.c.objc; path = ProfileContainerViewController.m; sourceTree = "<group>"; };
		8C9EBF9E24BCC1330031380E /* Bubbly.app */ = {isa = PBXFileReference; explicitFileType = wrapper.application; includeInIndex = 0; path = Bubbly.app; sourceTree = BUILT_PRODUCTS_DIR; };
		8C9EBFA124BCC1330031380E /* AppDelegate.h */ = {isa = PBXFileReference; lastKnownFileType = sourcecode.c.h; path = AppDelegate.h; sourceTree = "<group>"; };
		8C9EBFA224BCC1330031380E /* AppDelegate.m */ = {isa = PBXFileReference; lastKnownFileType = sourcecode.c.objc; path = AppDelegate.m; sourceTree = "<group>"; };
		8C9EBFA424BCC1330031380E /* SceneDelegate.h */ = {isa = PBXFileReference; lastKnownFileType = sourcecode.c.h; path = SceneDelegate.h; sourceTree = "<group>"; };
		8C9EBFA524BCC1330031380E /* SceneDelegate.m */ = {isa = PBXFileReference; lastKnownFileType = sourcecode.c.objc; path = SceneDelegate.m; sourceTree = "<group>"; };
		8C9EBFAB24BCC1330031380E /* Base */ = {isa = PBXFileReference; lastKnownFileType = file.storyboard; name = Base; path = Base.lproj/Main.storyboard; sourceTree = "<group>"; };
		8C9EBFAD24BCC1340031380E /* Assets.xcassets */ = {isa = PBXFileReference; lastKnownFileType = folder.assetcatalog; path = Assets.xcassets; sourceTree = "<group>"; };
		8C9EBFB024BCC1340031380E /* Base */ = {isa = PBXFileReference; lastKnownFileType = file.storyboard; name = Base; path = Base.lproj/LaunchScreen.storyboard; sourceTree = "<group>"; };
		8C9EBFB224BCC1340031380E /* Info.plist */ = {isa = PBXFileReference; lastKnownFileType = text.plist.xml; path = Info.plist; sourceTree = "<group>"; };
		8C9EBFB324BCC1340031380E /* main.m */ = {isa = PBXFileReference; lastKnownFileType = sourcecode.c.objc; path = main.m; sourceTree = "<group>"; };
		8C9EBFB924BCC1340031380E /* BubblyTests.xctest */ = {isa = PBXFileReference; explicitFileType = wrapper.cfbundle; includeInIndex = 0; path = BubblyTests.xctest; sourceTree = BUILT_PRODUCTS_DIR; };
		8C9EBFBD24BCC1340031380E /* BubblyTests.m */ = {isa = PBXFileReference; lastKnownFileType = sourcecode.c.objc; path = BubblyTests.m; sourceTree = "<group>"; };
		8C9EBFBF24BCC1340031380E /* Info.plist */ = {isa = PBXFileReference; lastKnownFileType = text.plist.xml; path = Info.plist; sourceTree = "<group>"; };
		8C9EBFC424BCC1340031380E /* BubblyUITests.xctest */ = {isa = PBXFileReference; explicitFileType = wrapper.cfbundle; includeInIndex = 0; path = BubblyUITests.xctest; sourceTree = BUILT_PRODUCTS_DIR; };
		8C9EBFC824BCC1340031380E /* BubblyUITests.m */ = {isa = PBXFileReference; lastKnownFileType = sourcecode.c.objc; path = BubblyUITests.m; sourceTree = "<group>"; };
		8C9EBFCA24BCC1340031380E /* Info.plist */ = {isa = PBXFileReference; lastKnownFileType = text.plist.xml; path = Info.plist; sourceTree = "<group>"; };
		8C9EBFDA24BCD27E0031380E /* Utilities.h */ = {isa = PBXFileReference; lastKnownFileType = sourcecode.c.h; path = Utilities.h; sourceTree = "<group>"; };
		8C9EBFDB24BCD27E0031380E /* Utilities.m */ = {isa = PBXFileReference; lastKnownFileType = sourcecode.c.objc; path = Utilities.m; sourceTree = "<group>"; };
		8C9EBFDD24BCD2AC0031380E /* User.h */ = {isa = PBXFileReference; lastKnownFileType = sourcecode.c.h; path = User.h; sourceTree = "<group>"; };
		8C9EBFDE24BCD2AC0031380E /* User.m */ = {isa = PBXFileReference; lastKnownFileType = sourcecode.c.objc; path = User.m; sourceTree = "<group>"; };
		8C9EBFE024BCD2B40031380E /* Recipe.h */ = {isa = PBXFileReference; lastKnownFileType = sourcecode.c.h; path = Recipe.h; sourceTree = "<group>"; };
		8C9EBFE124BCD2B40031380E /* Recipe.m */ = {isa = PBXFileReference; lastKnownFileType = sourcecode.c.objc; path = Recipe.m; sourceTree = "<group>"; };
		8C9EBFE324BCD2BC0031380E /* IntakeLog.h */ = {isa = PBXFileReference; lastKnownFileType = sourcecode.c.h; path = IntakeLog.h; sourceTree = "<group>"; };
		8C9EBFE424BCD2BC0031380E /* IntakeLog.m */ = {isa = PBXFileReference; lastKnownFileType = sourcecode.c.objc; path = IntakeLog.m; sourceTree = "<group>"; };
		8C9EBFF524BCDF1F0031380E /* LoginViewController.h */ = {isa = PBXFileReference; lastKnownFileType = sourcecode.c.h; path = LoginViewController.h; sourceTree = "<group>"; };
		8C9EBFF624BCDF1F0031380E /* LoginViewController.m */ = {isa = PBXFileReference; lastKnownFileType = sourcecode.c.objc; path = LoginViewController.m; sourceTree = "<group>"; };
		8C9EBFFB24BCDF2E0031380E /* SignUpViewController.h */ = {isa = PBXFileReference; lastKnownFileType = sourcecode.c.h; path = SignUpViewController.h; sourceTree = "<group>"; };
		8C9EBFFC24BCDF2E0031380E /* SignUpViewController.m */ = {isa = PBXFileReference; lastKnownFileType = sourcecode.c.objc; path = SignUpViewController.m; sourceTree = "<group>"; };
		8C9EBFFE24BCDF370031380E /* HomeViewController.h */ = {isa = PBXFileReference; lastKnownFileType = sourcecode.c.h; path = HomeViewController.h; sourceTree = "<group>"; };
		8C9EBFFF24BCDF370031380E /* HomeViewController.m */ = {isa = PBXFileReference; lastKnownFileType = sourcecode.c.objc; path = HomeViewController.m; sourceTree = "<group>"; };
		8C9EC00124BCDF3E0031380E /* RecipesViewController.h */ = {isa = PBXFileReference; lastKnownFileType = sourcecode.c.h; path = RecipesViewController.h; sourceTree = "<group>"; };
		8C9EC00224BCDF3E0031380E /* RecipesViewController.m */ = {isa = PBXFileReference; lastKnownFileType = sourcecode.c.objc; path = RecipesViewController.m; sourceTree = "<group>"; };
		8C9EC00424BCDF440031380E /* DetailsViewController.h */ = {isa = PBXFileReference; lastKnownFileType = sourcecode.c.h; path = DetailsViewController.h; sourceTree = "<group>"; };
		8C9EC00524BCDF440031380E /* DetailsViewController.m */ = {isa = PBXFileReference; lastKnownFileType = sourcecode.c.objc; path = DetailsViewController.m; sourceTree = "<group>"; };
		8C9EC00724BCDF4E0031380E /* ProfileViewController.h */ = {isa = PBXFileReference; lastKnownFileType = sourcecode.c.h; path = ProfileViewController.h; sourceTree = "<group>"; };
		8C9EC00824BCDF4E0031380E /* ProfileViewController.m */ = {isa = PBXFileReference; lastKnownFileType = sourcecode.c.objc; path = ProfileViewController.m; sourceTree = "<group>"; };
		8C9EC00A24BCDF5B0031380E /* SettingsViewController.h */ = {isa = PBXFileReference; lastKnownFileType = sourcecode.c.h; path = SettingsViewController.h; sourceTree = "<group>"; };
		8C9EC00B24BCDF5B0031380E /* SettingsViewController.m */ = {isa = PBXFileReference; lastKnownFileType = sourcecode.c.objc; path = SettingsViewController.m; sourceTree = "<group>"; };
		8CA0DB8124BE164B00B93FEC /* RecipeCell.h */ = {isa = PBXFileReference; lastKnownFileType = sourcecode.c.h; path = RecipeCell.h; sourceTree = "<group>"; };
		8CA0DB8224BE164B00B93FEC /* RecipeCell.m */ = {isa = PBXFileReference; lastKnownFileType = sourcecode.c.objc; path = RecipeCell.m; sourceTree = "<group>"; };
		8CA0DB8424BE24DC00B93FEC /* IngredientCell.h */ = {isa = PBXFileReference; lastKnownFileType = sourcecode.c.h; path = IngredientCell.h; sourceTree = "<group>"; };
		8CA0DB8524BE24DC00B93FEC /* IngredientCell.m */ = {isa = PBXFileReference; lastKnownFileType = sourcecode.c.objc; path = IngredientCell.m; sourceTree = "<group>"; };
		8CA0DB8724BE266700B93FEC /* ComposeViewController.h */ = {isa = PBXFileReference; lastKnownFileType = sourcecode.c.h; path = ComposeViewController.h; sourceTree = "<group>"; };
		8CA0DB8824BE266700B93FEC /* ComposeViewController.m */ = {isa = PBXFileReference; lastKnownFileType = sourcecode.c.objc; path = ComposeViewController.m; sourceTree = "<group>"; };
		8CA0DB8A24BF589C00B93FEC /* DataViewController.h */ = {isa = PBXFileReference; lastKnownFileType = sourcecode.c.h; path = DataViewController.h; sourceTree = "<group>"; };
		8CA0DB8B24BF589C00B93FEC /* DataViewController.m */ = {isa = PBXFileReference; lastKnownFileType = sourcecode.c.objc; path = DataViewController.m; sourceTree = "<group>"; };
		8CA0DB8D24BF58A400B93FEC /* SavedViewController.h */ = {isa = PBXFileReference; lastKnownFileType = sourcecode.c.h; path = SavedViewController.h; sourceTree = "<group>"; };
		8CA0DB8E24BF58A400B93FEC /* SavedViewController.m */ = {isa = PBXFileReference; lastKnownFileType = sourcecode.c.objc; path = SavedViewController.m; sourceTree = "<group>"; };
		8CA0DB9024BF58B100B93FEC /* BuyViewController.h */ = {isa = PBXFileReference; lastKnownFileType = sourcecode.c.h; path = BuyViewController.h; sourceTree = "<group>"; };
		8CA0DB9124BF58B100B93FEC /* BuyViewController.m */ = {isa = PBXFileReference; lastKnownFileType = sourcecode.c.objc; path = BuyViewController.m; sourceTree = "<group>"; };
		8CA0DB9324BF59F300B93FEC /* Charts.framework */ = {isa = PBXFileReference; explicitFileType = wrapper.framework; path = Charts.framework; sourceTree = BUILT_PRODUCTS_DIR; };
		8CA0DB9724BF918C00B93FEC /* CameraView.h */ = {isa = PBXFileReference; lastKnownFileType = sourcecode.c.h; path = CameraView.h; sourceTree = "<group>"; };
		8CA0DB9824BF918C00B93FEC /* CameraView.m */ = {isa = PBXFileReference; lastKnownFileType = sourcecode.c.objc; path = CameraView.m; sourceTree = "<group>"; };
		8CBB59A424C0BB9E0062FB0F /* BuyCell.h */ = {isa = PBXFileReference; lastKnownFileType = sourcecode.c.h; path = BuyCell.h; sourceTree = "<group>"; };
		8CBB59A524C0BB9E0062FB0F /* BuyCell.m */ = {isa = PBXFileReference; lastKnownFileType = sourcecode.c.objc; path = BuyCell.m; sourceTree = "<group>"; };
		8CD3628524CA0AA9007B02E8 /* SidebarViewController.h */ = {isa = PBXFileReference; lastKnownFileType = sourcecode.c.h; path = SidebarViewController.h; sourceTree = "<group>"; };
		8CD3628624CA0AA9007B02E8 /* SidebarViewController.m */ = {isa = PBXFileReference; lastKnownFileType = sourcecode.c.objc; path = SidebarViewController.m; sourceTree = "<group>"; };
		8CF7B9A624C7858D00B0F8C3 /* IntakeDayLog.h */ = {isa = PBXFileReference; lastKnownFileType = sourcecode.c.h; path = IntakeDayLog.h; sourceTree = "<group>"; };
		8CF7B9A724C7858D00B0F8C3 /* IntakeDayLog.m */ = {isa = PBXFileReference; lastKnownFileType = sourcecode.c.objc; path = IntakeDayLog.m; sourceTree = "<group>"; };
/* End PBXFileReference section */

/* Begin PBXFrameworksBuildPhase section */
		8C9EBF9B24BCC1330031380E /* Frameworks */ = {
			isa = PBXFrameworksBuildPhase;
			buildActionMask = 2147483647;
			files = (
				8C66985324CF4C6100BB2579 /* BuildFile in Frameworks */,
				8C66984F24CF4C6100BB2579 /* BuildFile in Frameworks */,
				8C66985124CF4C6100BB2579 /* BuildFile in Frameworks */,
			);
			runOnlyForDeploymentPostprocessing = 0;
		};
		8C9EBFB624BCC1340031380E /* Frameworks */ = {
			isa = PBXFrameworksBuildPhase;
			buildActionMask = 2147483647;
			files = (
			);
			runOnlyForDeploymentPostprocessing = 0;
		};
		8C9EBFC124BCC1340031380E /* Frameworks */ = {
			isa = PBXFrameworksBuildPhase;
			buildActionMask = 2147483647;
			files = (
			);
			runOnlyForDeploymentPostprocessing = 0;
		};
/* End PBXFrameworksBuildPhase section */

/* Begin PBXGroup section */
		032D23C0C538C6A4451FBE76 /* Frameworks */ = {
			isa = PBXGroup;
			children = (
				8CA0DB9324BF59F300B93FEC /* Charts.framework */,
			);
			name = Frameworks;
			sourceTree = "<group>";
		};
		692462E530897C1019893B3D /* Pods */ = {
			isa = PBXGroup;
			children = (
			);
			path = Pods;
			sourceTree = "<group>";
		};
		8C21337D24CF36B300C796BA /* Utilities */ = {
			isa = PBXGroup;
			children = (
				8C66984B24CF3A3E00BB2579 /* UIScrollView+TPKeyboardAvoidingAdditions.h */,
				8C66984A24CF3A3E00BB2579 /* UIScrollView+TPKeyboardAvoidingAdditions.m */,
				8C21337F24CF36CB00C796BA /* TPKeyboardAvoidingScrollView.h */,
				8C21337E24CF36CB00C796BA /* TPKeyboardAvoidingScrollView.m */,
				8C9EBFDA24BCD27E0031380E /* Utilities.h */,
				8C9EBFDB24BCD27E0031380E /* Utilities.m */,
			);
			path = Utilities;
			sourceTree = "<group>";
		};
		8C9EBF9524BCC1330031380E = {
			isa = PBXGroup;
			children = (
				8C9EBFA024BCC1330031380E /* Bubbly */,
				8C9EBFBC24BCC1340031380E /* BubblyTests */,
				8C9EBFC724BCC1340031380E /* BubblyUITests */,
				8C9EBF9F24BCC1330031380E /* Products */,
				692462E530897C1019893B3D /* Pods */,
				032D23C0C538C6A4451FBE76 /* Frameworks */,
			);
			sourceTree = "<group>";
		};
		8C9EBF9F24BCC1330031380E /* Products */ = {
			isa = PBXGroup;
			children = (
				8C9EBF9E24BCC1330031380E /* Bubbly.app */,
				8C9EBFB924BCC1340031380E /* BubblyTests.xctest */,
				8C9EBFC424BCC1340031380E /* BubblyUITests.xctest */,
			);
			name = Products;
			sourceTree = "<group>";
		};
		8C9EBFA024BCC1330031380E /* Bubbly */ = {
			isa = PBXGroup;
			children = (
				8C21337D24CF36B300C796BA /* Utilities */,
				8C9EBFD824BCD1FD0031380E /* ViewControllers */,
				8C9EBFD724BCD1F80031380E /* Models */,
				8C9EBFD624BCD1E00031380E /* Views */,
				8C9EBFA124BCC1330031380E /* AppDelegate.h */,
				8C9EBFA224BCC1330031380E /* AppDelegate.m */,
				8C9EBFA424BCC1330031380E /* SceneDelegate.h */,
				8C9EBFA524BCC1330031380E /* SceneDelegate.m */,
				8C9EBFAA24BCC1330031380E /* Main.storyboard */,
				8C9EBFAD24BCC1340031380E /* Assets.xcassets */,
				8C9EBFAF24BCC1340031380E /* LaunchScreen.storyboard */,
				8C9EBFB224BCC1340031380E /* Info.plist */,
				8C9EBFB324BCC1340031380E /* main.m */,
				8C6FECE524CA321100B14E8F /* Bubbly-Bridging-Header.h */,
			);
			path = Bubbly;
			sourceTree = "<group>";
		};
		8C9EBFBC24BCC1340031380E /* BubblyTests */ = {
			isa = PBXGroup;
			children = (
				8C9EBFBD24BCC1340031380E /* BubblyTests.m */,
				8C9EBFBF24BCC1340031380E /* Info.plist */,
			);
			path = BubblyTests;
			sourceTree = "<group>";
		};
		8C9EBFC724BCC1340031380E /* BubblyUITests */ = {
			isa = PBXGroup;
			children = (
				8C9EBFC824BCC1340031380E /* BubblyUITests.m */,
				8C9EBFCA24BCC1340031380E /* Info.plist */,
			);
			path = BubblyUITests;
			sourceTree = "<group>";
		};
		8C9EBFD624BCD1E00031380E /* Views */ = {
			isa = PBXGroup;
			children = (
				8CA0DB9724BF918C00B93FEC /* CameraView.h */,
				8CA0DB9824BF918C00B93FEC /* CameraView.m */,
				8CA0DB8124BE164B00B93FEC /* RecipeCell.h */,
				8CA0DB8224BE164B00B93FEC /* RecipeCell.m */,
				8CA0DB8424BE24DC00B93FEC /* IngredientCell.h */,
				8CA0DB8524BE24DC00B93FEC /* IngredientCell.m */,
				8CBB59A424C0BB9E0062FB0F /* BuyCell.h */,
				8CBB59A524C0BB9E0062FB0F /* BuyCell.m */,
				8C6FECE224CA2EC500B14E8F /* BalloonMarker.swift */,
				8C66985D24CF7C2400BB2579 /* FacebookShareView.h */,
				8C66985E24CF7C2400BB2579 /* FacebookShareView.m */,
			);
			path = Views;
			sourceTree = "<group>";
		};
		8C9EBFD724BCD1F80031380E /* Models */ = {
			isa = PBXGroup;
			children = (
				8C9EBFDD24BCD2AC0031380E /* User.h */,
				8C9EBFDE24BCD2AC0031380E /* User.m */,
				8C9EBFE024BCD2B40031380E /* Recipe.h */,
				8C9EBFE124BCD2B40031380E /* Recipe.m */,
				8C9EBFE324BCD2BC0031380E /* IntakeLog.h */,
				8C9EBFE424BCD2BC0031380E /* IntakeLog.m */,
				8CF7B9A624C7858D00B0F8C3 /* IntakeDayLog.h */,
				8CF7B9A724C7858D00B0F8C3 /* IntakeDayLog.m */,
			);
			path = Models;
			sourceTree = "<group>";
		};
		8C9EBFD824BCD1FD0031380E /* ViewControllers */ = {
			isa = PBXGroup;
			children = (
				8C9EBFF524BCDF1F0031380E /* LoginViewController.h */,
				8C9EBFF624BCDF1F0031380E /* LoginViewController.m */,
				8C9EBFFB24BCDF2E0031380E /* SignUpViewController.h */,
				8C9EBFFC24BCDF2E0031380E /* SignUpViewController.m */,
				8C9EBFFE24BCDF370031380E /* HomeViewController.h */,
				8C9EBFFF24BCDF370031380E /* HomeViewController.m */,
				8C9EC00124BCDF3E0031380E /* RecipesViewController.h */,
				8C9EC00224BCDF3E0031380E /* RecipesViewController.m */,
				8C9EC00424BCDF440031380E /* DetailsViewController.h */,
				8C9EC00524BCDF440031380E /* DetailsViewController.m */,
				8C9EC00724BCDF4E0031380E /* ProfileViewController.h */,
				8C9EC00824BCDF4E0031380E /* ProfileViewController.m */,
				8C9EC00A24BCDF5B0031380E /* SettingsViewController.h */,
				8C9EC00B24BCDF5B0031380E /* SettingsViewController.m */,
				8CA0DB8724BE266700B93FEC /* ComposeViewController.h */,
				8CA0DB8824BE266700B93FEC /* ComposeViewController.m */,
				8CA0DB8A24BF589C00B93FEC /* DataViewController.h */,
				8CA0DB8B24BF589C00B93FEC /* DataViewController.m */,
				8CA0DB8D24BF58A400B93FEC /* SavedViewController.h */,
				8CA0DB8E24BF58A400B93FEC /* SavedViewController.m */,
				8CA0DB9024BF58B100B93FEC /* BuyViewController.h */,
				8CA0DB9124BF58B100B93FEC /* BuyViewController.m */,
				8C9B17D824CA03FB00D84D18 /* ProfileContainerViewController.h */,
				8C9B17D924CA03FB00D84D18 /* ProfileContainerViewController.m */,
				8CD3628524CA0AA9007B02E8 /* SidebarViewController.h */,
				8CD3628624CA0AA9007B02E8 /* SidebarViewController.m */,
				8C4D455824CF8C8E00BCF93F /* FBLoginViewController.h */,
				8C4D455924CF8C8E00BCF93F /* FBLoginViewController.m */,
			);
			path = ViewControllers;
			sourceTree = "<group>";
		};
/* End PBXGroup section */

/* Begin PBXNativeTarget section */
		8C9EBF9D24BCC1330031380E /* Bubbly */ = {
			isa = PBXNativeTarget;
			buildConfigurationList = 8C9EBFCD24BCC1340031380E /* Build configuration list for PBXNativeTarget "Bubbly" */;
			buildPhases = (
				8C9EBF9A24BCC1330031380E /* Sources */,
				8C9EBF9B24BCC1330031380E /* Frameworks */,
				8C9EBF9C24BCC1330031380E /* Resources */,
			);
			buildRules = (
			);
			dependencies = (
			);
			name = Bubbly;
			packageProductDependencies = (
				8C66984E24CF4C6100BB2579 /* SwiftPackageProductDependency */,
				8C66985024CF4C6100BB2579 /* SwiftPackageProductDependency */,
				8C66985224CF4C6100BB2579 /* SwiftPackageProductDependency */,
			);
			productName = Bubbly;
			productReference = 8C9EBF9E24BCC1330031380E /* Bubbly.app */;
			productType = "com.apple.product-type.application";
		};
		8C9EBFB824BCC1340031380E /* BubblyTests */ = {
			isa = PBXNativeTarget;
			buildConfigurationList = 8C9EBFD024BCC1340031380E /* Build configuration list for PBXNativeTarget "BubblyTests" */;
			buildPhases = (
				8C9EBFB524BCC1340031380E /* Sources */,
				8C9EBFB624BCC1340031380E /* Frameworks */,
				8C9EBFB724BCC1340031380E /* Resources */,
			);
			buildRules = (
			);
			dependencies = (
				8C9EBFBB24BCC1340031380E /* PBXTargetDependency */,
			);
			name = BubblyTests;
			productName = BubblyTests;
			productReference = 8C9EBFB924BCC1340031380E /* BubblyTests.xctest */;
			productType = "com.apple.product-type.bundle.unit-test";
		};
		8C9EBFC324BCC1340031380E /* BubblyUITests */ = {
			isa = PBXNativeTarget;
			buildConfigurationList = 8C9EBFD324BCC1340031380E /* Build configuration list for PBXNativeTarget "BubblyUITests" */;
			buildPhases = (
				8C9EBFC024BCC1340031380E /* Sources */,
				8C9EBFC124BCC1340031380E /* Frameworks */,
				8C9EBFC224BCC1340031380E /* Resources */,
			);
			buildRules = (
			);
			dependencies = (
				8C9EBFC624BCC1340031380E /* PBXTargetDependency */,
			);
			name = BubblyUITests;
			productName = BubblyUITests;
			productReference = 8C9EBFC424BCC1340031380E /* BubblyUITests.xctest */;
			productType = "com.apple.product-type.bundle.ui-testing";
		};
/* End PBXNativeTarget section */

/* Begin PBXProject section */
		8C9EBF9624BCC1330031380E /* Project object */ = {
			isa = PBXProject;
			attributes = {
				LastUpgradeCheck = 1150;
				ORGANIZATIONNAME = fbarry;
				TargetAttributes = {
					8C9EBF9D24BCC1330031380E = {
						CreatedOnToolsVersion = 11.5;
						LastSwiftMigration = 1150;
					};
					8C9EBFB824BCC1340031380E = {
						CreatedOnToolsVersion = 11.5;
						TestTargetID = 8C9EBF9D24BCC1330031380E;
					};
					8C9EBFC324BCC1340031380E = {
						CreatedOnToolsVersion = 11.5;
						TestTargetID = 8C9EBF9D24BCC1330031380E;
					};
				};
			};
			buildConfigurationList = 8C9EBF9924BCC1330031380E /* Build configuration list for PBXProject "Bubbly" */;
			compatibilityVersion = "Xcode 9.3";
			developmentRegion = en;
			hasScannedForEncodings = 0;
			knownRegions = (
				en,
				Base,
			);
			mainGroup = 8C9EBF9524BCC1330031380E;
			packageReferences = (
				8C66984D24CF4C6100BB2579 /* RemoteSwiftPackageReference */,
			);
			productRefGroup = 8C9EBF9F24BCC1330031380E /* Products */;
			projectDirPath = "";
			projectRoot = "";
			targets = (
				8C9EBF9D24BCC1330031380E /* Bubbly */,
				8C9EBFB824BCC1340031380E /* BubblyTests */,
				8C9EBFC324BCC1340031380E /* BubblyUITests */,
			);
		};
/* End PBXProject section */

/* Begin PBXResourcesBuildPhase section */
		8C9EBF9C24BCC1330031380E /* Resources */ = {
			isa = PBXResourcesBuildPhase;
			buildActionMask = 2147483647;
			files = (
				8C9EBFB124BCC1340031380E /* LaunchScreen.storyboard in Resources */,
				8C9EBFAE24BCC1340031380E /* Assets.xcassets in Resources */,
				8C9EBFAC24BCC1330031380E /* Main.storyboard in Resources */,
			);
			runOnlyForDeploymentPostprocessing = 0;
		};
		8C9EBFB724BCC1340031380E /* Resources */ = {
			isa = PBXResourcesBuildPhase;
			buildActionMask = 2147483647;
			files = (
			);
			runOnlyForDeploymentPostprocessing = 0;
		};
		8C9EBFC224BCC1340031380E /* Resources */ = {
			isa = PBXResourcesBuildPhase;
			buildActionMask = 2147483647;
			files = (
			);
			runOnlyForDeploymentPostprocessing = 0;
		};
/* End PBXResourcesBuildPhase section */

/* Begin PBXSourcesBuildPhase section */
		8C9EBF9A24BCC1330031380E /* Sources */ = {
			isa = PBXSourcesBuildPhase;
			buildActionMask = 2147483647;
			files = (
				8CA0DB8F24BF58A400B93FEC /* SavedViewController.m in Sources */,
				8C9EBFDF24BCD2AC0031380E /* User.m in Sources */,
				8C9B17DA24CA03FB00D84D18 /* ProfileContainerViewController.m in Sources */,
				8C6FECE324CA2EC500B14E8F /* BalloonMarker.swift in Sources */,
				8CBB59A624C0BB9E0062FB0F /* BuyCell.m in Sources */,
				8C66985F24CF7C2500BB2579 /* FacebookShareView.m in Sources */,
				8C66984C24CF3A3F00BB2579 /* UIScrollView+TPKeyboardAvoidingAdditions.m in Sources */,
				8C9EC00324BCDF3E0031380E /* RecipesViewController.m in Sources */,
				8CA0DB9224BF58B100B93FEC /* BuyViewController.m in Sources */,
				8CF7B9A824C7858D00B0F8C3 /* IntakeDayLog.m in Sources */,
				8C9EBFE524BCD2BC0031380E /* IntakeLog.m in Sources */,
				8CA0DB8C24BF589C00B93FEC /* DataViewController.m in Sources */,
				8CA0DB8324BE164B00B93FEC /* RecipeCell.m in Sources */,
				8C9EBFF724BCDF1F0031380E /* LoginViewController.m in Sources */,
				8C9EBFE224BCD2B40031380E /* Recipe.m in Sources */,
				8CD3628724CA0AA9007B02E8 /* SidebarViewController.m in Sources */,
				8C9EC00024BCDF370031380E /* HomeViewController.m in Sources */,
				8CA0DB9924BF918C00B93FEC /* CameraView.m in Sources */,
				8C9EC00924BCDF4E0031380E /* ProfileViewController.m in Sources */,
				8C9EC00C24BCDF5B0031380E /* SettingsViewController.m in Sources */,
				8C9EC00624BCDF440031380E /* DetailsViewController.m in Sources */,
				8C9EBFA324BCC1330031380E /* AppDelegate.m in Sources */,
				8C21338024CF36CB00C796BA /* TPKeyboardAvoidingScrollView.m in Sources */,
				8C9EBFB424BCC1340031380E /* main.m in Sources */,
				8C4D455A24CF8C8E00BCF93F /* FBLoginViewController.m in Sources */,
				8CA0DB8624BE24DC00B93FEC /* IngredientCell.m in Sources */,
				8C9EBFDC24BCD27E0031380E /* Utilities.m in Sources */,
				8C9EBFA624BCC1330031380E /* SceneDelegate.m in Sources */,
				8CA0DB8924BE266700B93FEC /* ComposeViewController.m in Sources */,
				8C9EBFFD24BCDF2E0031380E /* SignUpViewController.m in Sources */,
			);
			runOnlyForDeploymentPostprocessing = 0;
		};
		8C9EBFB524BCC1340031380E /* Sources */ = {
			isa = PBXSourcesBuildPhase;
			buildActionMask = 2147483647;
			files = (
				8C9EBFBE24BCC1340031380E /* BubblyTests.m in Sources */,
			);
			runOnlyForDeploymentPostprocessing = 0;
		};
		8C9EBFC024BCC1340031380E /* Sources */ = {
			isa = PBXSourcesBuildPhase;
			buildActionMask = 2147483647;
			files = (
				8C9EBFC924BCC1340031380E /* BubblyUITests.m in Sources */,
			);
			runOnlyForDeploymentPostprocessing = 0;
		};
/* End PBXSourcesBuildPhase section */

/* Begin PBXTargetDependency section */
		8C9EBFBB24BCC1340031380E /* PBXTargetDependency */ = {
			isa = PBXTargetDependency;
			target = 8C9EBF9D24BCC1330031380E /* Bubbly */;
			targetProxy = 8C9EBFBA24BCC1340031380E /* PBXContainerItemProxy */;
		};
		8C9EBFC624BCC1340031380E /* PBXTargetDependency */ = {
			isa = PBXTargetDependency;
			target = 8C9EBF9D24BCC1330031380E /* Bubbly */;
			targetProxy = 8C9EBFC524BCC1340031380E /* PBXContainerItemProxy */;
		};
/* End PBXTargetDependency section */

/* Begin PBXVariantGroup section */
		8C9EBFAA24BCC1330031380E /* Main.storyboard */ = {
			isa = PBXVariantGroup;
			children = (
				8C9EBFAB24BCC1330031380E /* Base */,
			);
			name = Main.storyboard;
			sourceTree = "<group>";
		};
		8C9EBFAF24BCC1340031380E /* LaunchScreen.storyboard */ = {
			isa = PBXVariantGroup;
			children = (
				8C9EBFB024BCC1340031380E /* Base */,
			);
			name = LaunchScreen.storyboard;
			sourceTree = "<group>";
		};
/* End PBXVariantGroup section */

/* Begin XCBuildConfiguration section */
		8C9EBFCB24BCC1340031380E /* Debug */ = {
			isa = XCBuildConfiguration;
			buildSettings = {
				ALWAYS_SEARCH_USER_PATHS = NO;
				CLANG_ANALYZER_NONNULL = YES;
				CLANG_ANALYZER_NUMBER_OBJECT_CONVERSION = YES_AGGRESSIVE;
				CLANG_CXX_LANGUAGE_STANDARD = "gnu++14";
				CLANG_CXX_LIBRARY = "libc++";
				CLANG_ENABLE_MODULES = YES;
				CLANG_ENABLE_OBJC_ARC = YES;
				CLANG_ENABLE_OBJC_WEAK = YES;
				CLANG_WARN_BLOCK_CAPTURE_AUTORELEASING = YES;
				CLANG_WARN_BOOL_CONVERSION = YES;
				CLANG_WARN_COMMA = YES;
				CLANG_WARN_CONSTANT_CONVERSION = YES;
				CLANG_WARN_DEPRECATED_OBJC_IMPLEMENTATIONS = YES;
				CLANG_WARN_DIRECT_OBJC_ISA_USAGE = YES_ERROR;
				CLANG_WARN_DOCUMENTATION_COMMENTS = YES;
				CLANG_WARN_EMPTY_BODY = YES;
				CLANG_WARN_ENUM_CONVERSION = YES;
				CLANG_WARN_INFINITE_RECURSION = YES;
				CLANG_WARN_INT_CONVERSION = YES;
				CLANG_WARN_NON_LITERAL_NULL_CONVERSION = YES;
				CLANG_WARN_OBJC_IMPLICIT_RETAIN_SELF = YES;
				CLANG_WARN_OBJC_LITERAL_CONVERSION = YES;
				CLANG_WARN_OBJC_ROOT_CLASS = YES_ERROR;
				CLANG_WARN_RANGE_LOOP_ANALYSIS = YES;
				CLANG_WARN_STRICT_PROTOTYPES = YES;
				CLANG_WARN_SUSPICIOUS_MOVE = YES;
				CLANG_WARN_UNGUARDED_AVAILABILITY = YES_AGGRESSIVE;
				CLANG_WARN_UNREACHABLE_CODE = YES;
				CLANG_WARN__DUPLICATE_METHOD_MATCH = YES;
				COPY_PHASE_STRIP = NO;
				DEBUG_INFORMATION_FORMAT = dwarf;
				ENABLE_STRICT_OBJC_MSGSEND = YES;
				ENABLE_TESTABILITY = YES;
				GCC_C_LANGUAGE_STANDARD = gnu11;
				GCC_DYNAMIC_NO_PIC = NO;
				GCC_NO_COMMON_BLOCKS = YES;
				GCC_OPTIMIZATION_LEVEL = 0;
				GCC_PREPROCESSOR_DEFINITIONS = (
					"DEBUG=1",
					"$(inherited)",
				);
				GCC_WARN_64_TO_32_BIT_CONVERSION = YES;
				GCC_WARN_ABOUT_RETURN_TYPE = YES_ERROR;
				GCC_WARN_UNDECLARED_SELECTOR = YES;
				GCC_WARN_UNINITIALIZED_AUTOS = YES_AGGRESSIVE;
				GCC_WARN_UNUSED_FUNCTION = YES;
				GCC_WARN_UNUSED_VARIABLE = YES;
				IPHONEOS_DEPLOYMENT_TARGET = 13.5;
				MTL_ENABLE_DEBUG_INFO = INCLUDE_SOURCE;
				MTL_FAST_MATH = YES;
				ONLY_ACTIVE_ARCH = YES;
				SDKROOT = iphoneos;
			};
			name = Debug;
		};
		8C9EBFCC24BCC1340031380E /* Release */ = {
			isa = XCBuildConfiguration;
			buildSettings = {
				ALWAYS_SEARCH_USER_PATHS = NO;
				CLANG_ANALYZER_NONNULL = YES;
				CLANG_ANALYZER_NUMBER_OBJECT_CONVERSION = YES_AGGRESSIVE;
				CLANG_CXX_LANGUAGE_STANDARD = "gnu++14";
				CLANG_CXX_LIBRARY = "libc++";
				CLANG_ENABLE_MODULES = YES;
				CLANG_ENABLE_OBJC_ARC = YES;
				CLANG_ENABLE_OBJC_WEAK = YES;
				CLANG_WARN_BLOCK_CAPTURE_AUTORELEASING = YES;
				CLANG_WARN_BOOL_CONVERSION = YES;
				CLANG_WARN_COMMA = YES;
				CLANG_WARN_CONSTANT_CONVERSION = YES;
				CLANG_WARN_DEPRECATED_OBJC_IMPLEMENTATIONS = YES;
				CLANG_WARN_DIRECT_OBJC_ISA_USAGE = YES_ERROR;
				CLANG_WARN_DOCUMENTATION_COMMENTS = YES;
				CLANG_WARN_EMPTY_BODY = YES;
				CLANG_WARN_ENUM_CONVERSION = YES;
				CLANG_WARN_INFINITE_RECURSION = YES;
				CLANG_WARN_INT_CONVERSION = YES;
				CLANG_WARN_NON_LITERAL_NULL_CONVERSION = YES;
				CLANG_WARN_OBJC_IMPLICIT_RETAIN_SELF = YES;
				CLANG_WARN_OBJC_LITERAL_CONVERSION = YES;
				CLANG_WARN_OBJC_ROOT_CLASS = YES_ERROR;
				CLANG_WARN_RANGE_LOOP_ANALYSIS = YES;
				CLANG_WARN_STRICT_PROTOTYPES = YES;
				CLANG_WARN_SUSPICIOUS_MOVE = YES;
				CLANG_WARN_UNGUARDED_AVAILABILITY = YES_AGGRESSIVE;
				CLANG_WARN_UNREACHABLE_CODE = YES;
				CLANG_WARN__DUPLICATE_METHOD_MATCH = YES;
				COPY_PHASE_STRIP = NO;
				DEBUG_INFORMATION_FORMAT = "dwarf-with-dsym";
				ENABLE_NS_ASSERTIONS = NO;
				ENABLE_STRICT_OBJC_MSGSEND = YES;
				GCC_C_LANGUAGE_STANDARD = gnu11;
				GCC_NO_COMMON_BLOCKS = YES;
				GCC_WARN_64_TO_32_BIT_CONVERSION = YES;
				GCC_WARN_ABOUT_RETURN_TYPE = YES_ERROR;
				GCC_WARN_UNDECLARED_SELECTOR = YES;
				GCC_WARN_UNINITIALIZED_AUTOS = YES_AGGRESSIVE;
				GCC_WARN_UNUSED_FUNCTION = YES;
				GCC_WARN_UNUSED_VARIABLE = YES;
				IPHONEOS_DEPLOYMENT_TARGET = 13.5;
				MTL_ENABLE_DEBUG_INFO = NO;
				MTL_FAST_MATH = YES;
				SDKROOT = iphoneos;
				VALIDATE_PRODUCT = YES;
			};
			name = Release;
		};
		8C9EBFCE24BCC1340031380E /* Debug */ = {
			isa = XCBuildConfiguration;
			buildSettings = {
				ASSETCATALOG_COMPILER_APPICON_NAME = AppIcon;
				CLANG_ENABLE_MODULES = YES;
				CODE_SIGN_STYLE = Automatic;
				DEFINES_MODULE = YES;
				DEVELOPMENT_TEAM = R7MZ4U6N4Y;
				INFOPLIST_FILE = Bubbly/Info.plist;
				LD_RUNPATH_SEARCH_PATHS = (
					"$(inherited)",
					"@executable_path/Frameworks",
				);
				PRODUCT_BUNDLE_IDENTIFIER = com.fbarry.Bubbly;
				PRODUCT_NAME = "$(TARGET_NAME)";
				SWIFT_OBJC_BRIDGING_HEADER = "Bubbly/Bubbly-Bridging-Header.h";
				SWIFT_OPTIMIZATION_LEVEL = "-Onone";
				SWIFT_VERSION = 5.0;
				TARGETED_DEVICE_FAMILY = "1,2";
			};
			name = Debug;
		};
		8C9EBFCF24BCC1340031380E /* Release */ = {
			isa = XCBuildConfiguration;
			buildSettings = {
				ASSETCATALOG_COMPILER_APPICON_NAME = AppIcon;
				CLANG_ENABLE_MODULES = YES;
				CODE_SIGN_STYLE = Automatic;
				DEFINES_MODULE = YES;
				DEVELOPMENT_TEAM = R7MZ4U6N4Y;
				INFOPLIST_FILE = Bubbly/Info.plist;
				LD_RUNPATH_SEARCH_PATHS = (
					"$(inherited)",
					"@executable_path/Frameworks",
				);
				PRODUCT_BUNDLE_IDENTIFIER = com.fbarry.Bubbly;
				PRODUCT_NAME = "$(TARGET_NAME)";
				SWIFT_OBJC_BRIDGING_HEADER = "Bubbly/Bubbly-Bridging-Header.h";
				SWIFT_VERSION = 5.0;
				TARGETED_DEVICE_FAMILY = "1,2";
			};
			name = Release;
		};
		8C9EBFD124BCC1340031380E /* Debug */ = {
			isa = XCBuildConfiguration;
			buildSettings = {
				ALWAYS_EMBED_SWIFT_STANDARD_LIBRARIES = YES;
				BUNDLE_LOADER = "$(TEST_HOST)";
				CODE_SIGN_STYLE = Automatic;
				DEVELOPMENT_TEAM = R7MZ4U6N4Y;
				INFOPLIST_FILE = BubblyTests/Info.plist;
				IPHONEOS_DEPLOYMENT_TARGET = 13.5;
				LD_RUNPATH_SEARCH_PATHS = (
					"$(inherited)",
					"@executable_path/Frameworks",
					"@loader_path/Frameworks",
				);
				PRODUCT_BUNDLE_IDENTIFIER = com.fbarry.BubblyTests;
				PRODUCT_NAME = "$(TARGET_NAME)";
				TARGETED_DEVICE_FAMILY = "1,2";
				TEST_HOST = "$(BUILT_PRODUCTS_DIR)/Bubbly.app/Bubbly";
			};
			name = Debug;
		};
		8C9EBFD224BCC1340031380E /* Release */ = {
			isa = XCBuildConfiguration;
			buildSettings = {
				ALWAYS_EMBED_SWIFT_STANDARD_LIBRARIES = YES;
				BUNDLE_LOADER = "$(TEST_HOST)";
				CODE_SIGN_STYLE = Automatic;
				DEVELOPMENT_TEAM = R7MZ4U6N4Y;
				INFOPLIST_FILE = BubblyTests/Info.plist;
				IPHONEOS_DEPLOYMENT_TARGET = 13.5;
				LD_RUNPATH_SEARCH_PATHS = (
					"$(inherited)",
					"@executable_path/Frameworks",
					"@loader_path/Frameworks",
				);
				PRODUCT_BUNDLE_IDENTIFIER = com.fbarry.BubblyTests;
				PRODUCT_NAME = "$(TARGET_NAME)";
				TARGETED_DEVICE_FAMILY = "1,2";
				TEST_HOST = "$(BUILT_PRODUCTS_DIR)/Bubbly.app/Bubbly";
			};
			name = Release;
		};
		8C9EBFD424BCC1340031380E /* Debug */ = {
			isa = XCBuildConfiguration;
			buildSettings = {
				ALWAYS_EMBED_SWIFT_STANDARD_LIBRARIES = YES;
				CODE_SIGN_STYLE = Automatic;
				DEVELOPMENT_TEAM = R7MZ4U6N4Y;
				INFOPLIST_FILE = BubblyUITests/Info.plist;
				LD_RUNPATH_SEARCH_PATHS = (
					"$(inherited)",
					"@executable_path/Frameworks",
					"@loader_path/Frameworks",
				);
				PRODUCT_BUNDLE_IDENTIFIER = com.fbarry.BubblyUITests;
				PRODUCT_NAME = "$(TARGET_NAME)";
				TARGETED_DEVICE_FAMILY = "1,2";
				TEST_TARGET_NAME = Bubbly;
			};
			name = Debug;
		};
		8C9EBFD524BCC1340031380E /* Release */ = {
			isa = XCBuildConfiguration;
			buildSettings = {
				ALWAYS_EMBED_SWIFT_STANDARD_LIBRARIES = YES;
				CODE_SIGN_STYLE = Automatic;
				DEVELOPMENT_TEAM = R7MZ4U6N4Y;
				INFOPLIST_FILE = BubblyUITests/Info.plist;
				LD_RUNPATH_SEARCH_PATHS = (
					"$(inherited)",
					"@executable_path/Frameworks",
					"@loader_path/Frameworks",
				);
				PRODUCT_BUNDLE_IDENTIFIER = com.fbarry.BubblyUITests;
				PRODUCT_NAME = "$(TARGET_NAME)";
				TARGETED_DEVICE_FAMILY = "1,2";
				TEST_TARGET_NAME = Bubbly;
			};
			name = Release;
		};
/* End XCBuildConfiguration section */

/* Begin XCConfigurationList section */
		8C9EBF9924BCC1330031380E /* Build configuration list for PBXProject "Bubbly" */ = {
			isa = XCConfigurationList;
			buildConfigurations = (
				8C9EBFCB24BCC1340031380E /* Debug */,
				8C9EBFCC24BCC1340031380E /* Release */,
			);
			defaultConfigurationIsVisible = 0;
			defaultConfigurationName = Release;
		};
		8C9EBFCD24BCC1340031380E /* Build configuration list for PBXNativeTarget "Bubbly" */ = {
			isa = XCConfigurationList;
			buildConfigurations = (
				8C9EBFCE24BCC1340031380E /* Debug */,
				8C9EBFCF24BCC1340031380E /* Release */,
			);
			defaultConfigurationIsVisible = 0;
			defaultConfigurationName = Release;
		};
		8C9EBFD024BCC1340031380E /* Build configuration list for PBXNativeTarget "BubblyTests" */ = {
			isa = XCConfigurationList;
			buildConfigurations = (
				8C9EBFD124BCC1340031380E /* Debug */,
				8C9EBFD224BCC1340031380E /* Release */,
			);
			defaultConfigurationIsVisible = 0;
			defaultConfigurationName = Release;
		};
		8C9EBFD324BCC1340031380E /* Build configuration list for PBXNativeTarget "BubblyUITests" */ = {
			isa = XCConfigurationList;
			buildConfigurations = (
				8C9EBFD424BCC1340031380E /* Debug */,
				8C9EBFD524BCC1340031380E /* Release */,
			);
			defaultConfigurationIsVisible = 0;
			defaultConfigurationName = Release;
		};
/* End XCConfigurationList section */

/* Begin XCRemoteSwiftPackageReference section */
		8C66984D24CF4C6100BB2579 /* RemoteSwiftPackageReference */ = {
			isa = XCRemoteSwiftPackageReference;
			repositoryURL = "https://github.com/facebook/facebook-ios-sdk";
			requirement = {
				kind = upToNextMajorVersion;
				minimumVersion = 7.1.1;
			};
		};
/* End XCRemoteSwiftPackageReference section */

/* Begin XCSwiftPackageProductDependency section */
		8C66984E24CF4C6100BB2579 /* SwiftPackageProductDependency */ = {
			isa = XCSwiftPackageProductDependency;
			package = 8C66984D24CF4C6100BB2579 /* RemoteSwiftPackageReference */;
			productName = FacebookShare;
		};
		8C66985024CF4C6100BB2579 /* SwiftPackageProductDependency */ = {
			isa = XCSwiftPackageProductDependency;
			package = 8C66984D24CF4C6100BB2579 /* RemoteSwiftPackageReference */;
			productName = FacebookCore;
		};
		8C66985224CF4C6100BB2579 /* SwiftPackageProductDependency */ = {
			isa = XCSwiftPackageProductDependency;
			package = 8C66984D24CF4C6100BB2579 /* RemoteSwiftPackageReference */;
			productName = FacebookLogin;
		};
/* End XCSwiftPackageProductDependency section */
	};
	rootObject = 8C9EBF9624BCC1330031380E /* Project object */;
}
